
Microsoft Visual Studio Solution File, Format Version 12.00
# Visual Studio 15
VisualStudioVersion = 15.0.28307.645
MinimumVisualStudioVersion = 10.0.40219.1
Project("{8BC9CEB8-8B4A-11D0-8D11-00A0C91BC942}") = "QwerkE_Win32", "Qwerk_Engine\QwerkE_Win32\QwerkE_Win32.vcxproj", "{2B90AC5A-A787-48A1-BA3A-089A16E98AE3}"
EndProject
Project("{8BC9CEB8-8B4A-11D0-8D11-00A0C91BC942}") = "Shared_Engine", "Qwerk_Engine\Shared_Engine\Shared_Engine.vcxitems", "{64B82DE4-2768-4AD2-B95D-B3615FCC482E}"
EndProject
Project("{8BC9CEB8-8B4A-11D0-8D11-00A0C91BC942}") = "QwerkE_Framework", "QwerkE_Framework\QwerkE_Framework.vcxitems", "{B16D0585-C919-45A1-ABC8-E743E68A8F72}"
EndProject
Project("{8BC9CEB8-8B4A-11D0-8D11-00A0C91BC942}") = "QwerkE_Common", "QwerkE_Framework\QwerkE_Common\QwerkE_Common.vcxitems", "{E86D5770-08C5-4BC8-A65D-36F233233AEB}"
EndProject
Project("{8BC9CEB8-8B4A-11D0-8D11-00A0C91BC942}") = "Test_GameClient", "Games\Test_GameClient\Test_GameClient.vcxproj", "{BDA05DA6-1999-413B-8A61-91BBED1EDB84}"
EndProject
Project("{8BC9CEB8-8B4A-11D0-8D11-00A0C91BC942}") = "Test_Game1", "Games\Test_Game1\Test_Game1.vcxproj", "{8BB5571E-AC1C-44C8-A274-25AA28EACBE5}"
EndProject
Global
	GlobalSection(SharedMSBuildProjectFiles) = preSolution
		QwerkE_Framework\QwerkE_Common\QwerkE_Common.vcxitems*{2b90ac5a-a787-48a1-ba3a-089a16e98ae3}*SharedItemsImports = 4
		QwerkE_Framework\QwerkE_Framework.vcxitems*{2b90ac5a-a787-48a1-ba3a-089a16e98ae3}*SharedItemsImports = 4
		Qwerk_Engine\Shared_Engine\Shared_Engine.vcxitems*{2b90ac5a-a787-48a1-ba3a-089a16e98ae3}*SharedItemsImports = 4
		Qwerk_Engine\Shared_Engine\Shared_Engine.vcxitems*{64b82de4-2768-4ad2-b95d-b3615fcc482e}*SharedItemsImports = 9
		QwerkE_Framework\QwerkE_Framework.vcxitems*{b16d0585-c919-45a1-abc8-e743e68a8f72}*SharedItemsImports = 9
		QwerkE_Framework\QwerkE_Common\QwerkE_Common.vcxitems*{e86d5770-08c5-4bc8-a65d-36f233233aeb}*SharedItemsImports = 9
	EndGlobalSection
	GlobalSection(SolutionConfigurationPlatforms) = preSolution
		Debug|x64 = Debug|x64
		Debug|x86 = Debug|x86
		Release|x64 = Release|x64
		Release|x86 = Release|x86
	EndGlobalSection
	GlobalSection(ProjectConfigurationPlatforms) = postSolution
		{2B90AC5A-A787-48A1-BA3A-089A16E98AE3}.Debug|x64.ActiveCfg = Debug|Win32
		{2B90AC5A-A787-48A1-BA3A-089A16E98AE3}.Debug|x86.ActiveCfg = Debug|Win32
		{2B90AC5A-A787-48A1-BA3A-089A16E98AE3}.Debug|x86.Build.0 = Debug|Win32
		{2B90AC5A-A787-48A1-BA3A-089A16E98AE3}.Release|x64.ActiveCfg = Release|Win32
		{2B90AC5A-A787-48A1-BA3A-089A16E98AE3}.Release|x86.ActiveCfg = Release|Win32
		{2B90AC5A-A787-48A1-BA3A-089A16E98AE3}.Release|x86.Build.0 = Release|Win32
		{BDA05DA6-1999-413B-8A61-91BBED1EDB84}.Debug|x64.ActiveCfg = Debug|x64
		{BDA05DA6-1999-413B-8A61-91BBED1EDB84}.Debug|x64.Build.0 = Debug|x64
		{BDA05DA6-1999-413B-8A61-91BBED1EDB84}.Debug|x86.ActiveCfg = Debug|Win32
		{BDA05DA6-1999-413B-8A61-91BBED1EDB84}.Debug|x86.Build.0 = Debug|Win32
		{BDA05DA6-1999-413B-8A61-91BBED1EDB84}.Release|x64.ActiveCfg = Release|x64
		{BDA05DA6-1999-413B-8A61-91BBED1EDB84}.Release|x64.Build.0 = Release|x64
		{BDA05DA6-1999-413B-8A61-91BBED1EDB84}.Release|x86.ActiveCfg = Release|Win32
		{BDA05DA6-1999-413B-8A61-91BBED1EDB84}.Release|x86.Build.0 = Release|Win32
		{8BB5571E-AC1C-44C8-A274-25AA28EACBE5}.Debug|x64.ActiveCfg = Debug|x64
		{8BB5571E-AC1C-44C8-A274-25AA28EACBE5}.Debug|x64.Build.0 = Debug|x64
		{8BB5571E-AC1C-44C8-A274-25AA28EACBE5}.Debug|x86.ActiveCfg = Debug|Win32
		{8BB5571E-AC1C-44C8-A274-25AA28EACBE5}.Debug|x86.Build.0 = Debug|Win32
		{8BB5571E-AC1C-44C8-A274-25AA28EACBE5}.Release|x64.ActiveCfg = Release|x64
		{8BB5571E-AC1C-44C8-A274-25AA28EACBE5}.Release|x64.Build.0 = Release|x64
		{8BB5571E-AC1C-44C8-A274-25AA28EACBE5}.Release|x86.ActiveCfg = Release|Win32
		{8BB5571E-AC1C-44C8-A274-25AA28EACBE5}.Release|x86.Build.0 = Release|Win32
	EndGlobalSection
	GlobalSection(SolutionProperties) = preSolution
		HideSolutionNode = FALSE
	EndGlobalSection
	GlobalSection(ExtensibilityGlobals) = postSolution
		SolutionGuid = {83E16F93-0295-41B7-AF63-7DAF3DA34C18}
	EndGlobalSection
EndGlobal
