
Microsoft Visual Studio Solution File, Format Version 12.00
# Visual Studio Version 17
VisualStudioVersion = 17.8.34330.188
MinimumVisualStudioVersion = 10.0.40219.1
Project("{8BC9CEB8-8B4A-11D0-8D11-00A0C91BC942}") = "Qwerk_Engine", "Qwerk_Engine.vcxproj", "{91C8F4DC-B61B-46D7-B3D6-DD562656900F}"
EndProject
Project("{8BC9CEB8-8B4A-11D0-8D11-00A0C91BC942}") = "Shared_Engine", "Source\Shared_Engine.vcxitems", "{64B82DE4-2768-4AD2-B95D-B3615FCC482E}"
EndProject
Project("{8BC9CEB8-8B4A-11D0-8D11-00A0C91BC942}") = "QwerkE_Framework", "QwerkE_Framework\QwerkE_Framework.vcxitems", "{B16D0585-C919-45A1-ABC8-E743E68A8F72}"
EndProject
Global
	GlobalSection(SolutionConfigurationPlatforms) = preSolution
		Debug|x64 = Debug|x64
		Debug|x86 = Debug|x86
		Release|x64 = Release|x64
		Release|x86 = Release|x86
	EndGlobalSection
	GlobalSection(ProjectConfigurationPlatforms) = postSolution
		{91C8F4DC-B61B-46D7-B3D6-DD562656900F}.Debug|x64.ActiveCfg = Debug|x64
		{91C8F4DC-B61B-46D7-B3D6-DD562656900F}.Debug|x64.Build.0 = Debug|x64
		{91C8F4DC-B61B-46D7-B3D6-DD562656900F}.Debug|x86.ActiveCfg = Debug|Win32
		{91C8F4DC-B61B-46D7-B3D6-DD562656900F}.Debug|x86.Build.0 = Debug|Win32
		{91C8F4DC-B61B-46D7-B3D6-DD562656900F}.Release|x64.ActiveCfg = Release|x64
		{91C8F4DC-B61B-46D7-B3D6-DD562656900F}.Release|x64.Build.0 = Release|x64
		{91C8F4DC-B61B-46D7-B3D6-DD562656900F}.Release|x86.ActiveCfg = Release|Win32
		{91C8F4DC-B61B-46D7-B3D6-DD562656900F}.Release|x86.Build.0 = Release|Win32
	EndGlobalSection
	GlobalSection(SolutionProperties) = preSolution
		HideSolutionNode = FALSE
	EndGlobalSection
	GlobalSection(ExtensibilityGlobals) = postSolution
		SolutionGuid = {4D5CC2A9-7640-4DF8-8A66-FBFDDDADEB7A}
	EndGlobalSection
	GlobalSection(SharedMSBuildProjectFiles) = preSolution
		Source\Shared_Engine.vcxitems*{64b82de4-2768-4ad2-b95d-b3615fcc482e}*SharedItemsImports = 9
		Source\Shared_Engine.vcxitems*{91c8f4dc-b61b-46d7-b3d6-dd562656900f}*SharedItemsImports = 4
		QwerkE_Framework\QwerkE_Framework.vcxitems*{b16d0585-c919-45a1-abc8-e743e68a8f72}*SharedItemsImports = 9
	EndGlobalSection
EndGlobal
