<?xml version="1.0" encoding="utf-8"?>
<Project ToolsVersion="4.0" xmlns="http://schemas.microsoft.com/developer/msbuild/2003">
  <ItemGroup>
    <Filter Include="ObjectFactorySystem">
      <UniqueIdentifier>{F9B42714-6516-0522-EE83-4BD45AE43BE1}</UniqueIdentifier>
    </Filter>
    <Filter Include="SimpleSerializer">
      <UniqueIdentifier>{C9221ADA-B51B-392C-DE4D-1EB1CAA51838}</UniqueIdentifier>
    </Filter>
  </ItemGroup>
  <ItemGroup>
    <ClInclude Include="RuntimeObjectSystem\IObject.h" />
    <ClInclude Include="RuntimeObjectSystem\IObjectFactorySystem.h" />
    <ClInclude Include="RuntimeObjectSystem\IRuntimeObjectSystem.h" />
    <ClInclude Include="RuntimeObjectSystem\ISimpleSerializer.h" />
    <ClInclude Include="RuntimeObjectSystem\ObjectFactorySystem\ObjectFactorySystem.h">
      <Filter>ObjectFactorySystem</Filter>
    </ClInclude>
    <ClInclude Include="RuntimeObjectSystem\ObjectInterface.h" />
    <ClInclude Include="RuntimeObjectSystem\ObjectInterfacePerModule.h" />
    <ClInclude Include="RuntimeObjectSystem\RuntimeInclude.h" />
    <ClInclude Include="RuntimeObjectSystem\RuntimeLinkLibrary.h" />
    <ClInclude Include="RuntimeObjectSystem\RuntimeObjectSystem.h" />
    <ClInclude Include="RuntimeObjectSystem\RuntimeProtector.h" />
    <ClInclude Include="RuntimeObjectSystem\RuntimeSourceDependency.h" />
    <ClInclude Include="RuntimeObjectSystem\RuntimeTracking.h" />
    <ClInclude Include="RuntimeObjectSystem\SimpleSerializer\SimpleSerializer.h">
      <Filter>SimpleSerializer</Filter>
    </ClInclude>
  </ItemGroup>
  <ItemGroup>
    <ClCompile Include="RuntimeObjectSystem\ObjectFactorySystem\ObjectFactorySystem.cpp">
      <Filter>ObjectFactorySystem</Filter>
    </ClCompile>
    <ClCompile Include="RuntimeObjectSystem\ObjectInterfacePerModuleSource.cpp" />
    <ClCompile Include="RuntimeObjectSystem\RuntimeObjectSystem.cpp" />
    <ClCompile Include="RuntimeObjectSystem\RuntimeObjectSystem_PlatformPosix.cpp" />
    <ClCompile Include="RuntimeObjectSystem\RuntimeObjectSystem_PlatformWindows.cpp" />
    <ClCompile Include="RuntimeObjectSystem\SimpleSerializer\SimpleSerializer.cpp">
      <Filter>SimpleSerializer</Filter>
    </ClCompile>
  </ItemGroup>
</Project>