<?xml version="1.0" encoding="utf-8"?>
<Project ToolsVersion="4.0" xmlns="http://schemas.microsoft.com/developer/msbuild/2003">
  <ItemGroup>
    <ClInclude Include="$(MSBuildThisFileDirectory)QE_Engine.h" />
    <ClInclude Include="$(MSBuildThisFileDirectory)QE_EditComponent.h">
      <Filter>Editors</Filter>
    </ClInclude>
    <ClInclude Include="$(MSBuildThisFileDirectory)QE_EntityEditor.h">
      <Filter>Editors</Filter>
    </ClInclude>
    <ClInclude Include="$(MSBuildThisFileDirectory)QE_ResourceViewer.h">
      <Filter>Editors</Filter>
    </ClInclude>
    <ClInclude Include="$(MSBuildThisFileDirectory)QE_SceneGraph.h">
      <Filter>Editors</Filter>
    </ClInclude>
    <ClInclude Include="$(MSBuildThisFileDirectory)QE_SceneViewer.h">
      <Filter>Editors</Filter>
    </ClInclude>
    <ClInclude Include="$(MSBuildThisFileDirectory)QE_ShaderEditor.h">
      <Filter>Editors</Filter>
    </ClInclude>
    <ClInclude Include="$(MSBuildThisFileDirectory)QE_MaterialEditor.h">
      <Filter>Editors</Filter>
    </ClInclude>
    <ClInclude Include="$(MSBuildThisFileDirectory)QE_Defines.h" />
    <ClInclude Include="$(MSBuildThisFileDirectory)QE_ProgramArgs.h">
      <Filter>ProgramArguments</Filter>
    </ClInclude>
    <ClInclude Include="$(MSBuildThisFileDirectory)QE_Editor.h" />
    <ClInclude Include="$(MSBuildThisFileDirectory)QE_EditorInspector.h">
      <Filter>Editors</Filter>
    </ClInclude>
  </ItemGroup>
  <ItemGroup>
    <Filter Include="ProgramArguments">
      <UniqueIdentifier>{0df42337-3bda-4571-a886-cb4e39fe6585}</UniqueIdentifier>
    </Filter>
    <Filter Include="Editors">
      <UniqueIdentifier>{9cd9d01e-0c42-48db-a17a-94a6969674b1}</UniqueIdentifier>
    </Filter>
    <Filter Include="Editors\imgui_Editor">
      <UniqueIdentifier>{8d50ac33-b895-4b9c-a419-64b18ffdfdcc}</UniqueIdentifier>
    </Filter>
  </ItemGroup>
  <ItemGroup>
    <ClCompile Include="$(MSBuildThisFileDirectory)QE_imgui_EditComponent.cpp">
      <Filter>Editors\imgui_Editor</Filter>
    </ClCompile>
    <ClCompile Include="$(MSBuildThisFileDirectory)QE_imgui_EntityEditor.cpp">
      <Filter>Editors\imgui_Editor</Filter>
    </ClCompile>
    <ClCompile Include="$(MSBuildThisFileDirectory)QE_imgui_MaterialEditor.cpp">
      <Filter>Editors\imgui_Editor</Filter>
    </ClCompile>
    <ClCompile Include="$(MSBuildThisFileDirectory)QE_imgui_ResourceViewer.cpp">
      <Filter>Editors\imgui_Editor</Filter>
    </ClCompile>
    <ClCompile Include="$(MSBuildThisFileDirectory)QE_imgui_SceneGraph.cpp">
      <Filter>Editors\imgui_Editor</Filter>
    </ClCompile>
    <ClCompile Include="$(MSBuildThisFileDirectory)QE_imgui_SceneViewer.cpp">
      <Filter>Editors\imgui_Editor</Filter>
    </ClCompile>
    <ClCompile Include="$(MSBuildThisFileDirectory)QE_imgui_ShaderEditor.cpp">
      <Filter>Editors\imgui_Editor</Filter>
    </ClCompile>
    <ClCompile Include="$(MSBuildThisFileDirectory)QE_Engine.cpp" />
    <ClCompile Include="$(MSBuildThisFileDirectory)QE_ProgramArgs.cpp">
      <Filter>ProgramArguments</Filter>
    </ClCompile>
    <ClCompile Include="$(MSBuildThisFileDirectory)QE_Editor.cpp" />
    <ClCompile Include="$(MSBuildThisFileDirectory)QE_EditorInspector.cpp">
      <Filter>Editors</Filter>
    </ClCompile>
  </ItemGroup>
</Project>