<?xml version="1.0" encoding="utf-8"?>
<Project ToolsVersion="4.0" xmlns="http://schemas.microsoft.com/developer/msbuild/2003">
  <ItemGroup>
    <ClCompile Include="Source\QC_Time.cpp" />
    <ClCompile Include="Source\QF_Settings.cpp" />
    <ClCompile Include="Source\QF_Log.cpp">
      <Filter>Debug</Filter>
    </ClCompile>
    <ClCompile Include="Source\QF_glfw_AssignGLFWKeys.cpp">
      <Filter>Input</Filter>
    </ClCompile>
    <ClCompile Include="Source\QF_glfw_InputCallBacks.cpp">
      <Filter>Input</Filter>
    </ClCompile>
    <ClCompile Include="Source\QF_Input.cpp">
      <Filter>Input</Filter>
    </ClCompile>
    <ClCompile Include="Source\QF_Window.cpp">
      <Filter>Window</Filter>
    </ClCompile>
    <ClCompile Include="Source\QF_Events.cpp">
      <Filter>Events</Filter>
    </ClCompile>
    <ClCompile Include="Source\QF_AssignWin32Keys.cpp">
      <Filter>Input</Filter>
    </ClCompile>
    <ClCompile Include="Source\QF_GameObject.cpp">
      <Filter>Entity</Filter>
    </ClCompile>
    <ClCompile Include="Source\QC_MathFunctions.cpp">
      <Filter>Math</Filter>
    </ClCompile>
    <ClCompile Include="Source\QF_PrintFunctions.cpp">
      <Filter>Debug</Filter>
    </ClCompile>
    <ClCompile Include="Source\QF_PCH.cpp">
      <Filter>Root Files</Filter>
    </ClCompile>
    <ClCompile Include="Source\QF_Framework.cpp">
      <Filter>Root Files</Filter>
    </ClCompile>
    <ClCompile Include="Source\QF_Scene.cpp">
      <Filter>Scene</Filter>
    </ClCompile>
    <ClCompile Include="Source\QF_Scenes.cpp">
      <Filter>Scene</Filter>
    </ClCompile>
    <ClCompile Include="Source\QF_SceneSerialization.cpp">
      <Filter>Utils\FileIO\Serialization</Filter>
    </ClCompile>
    <ClCompile Include="Source\QF_Serialization.cpp">
      <Filter>Utils\FileIO\Serialization</Filter>
    </ClCompile>
    <ClCompile Include="Source\QF_Renderer.cpp">
      <Filter>Renderer</Filter>
    </ClCompile>
    <ClCompile Include="Source\QF_Mirror.cpp" />
    <ClCompile Include="Source\QF_Assets.cpp">
      <Filter>Assets</Filter>
    </ClCompile>
    <ClCompile Include="Source\QF_ComponentMesh.cpp">
      <Filter>Components</Filter>
    </ClCompile>
    <ClCompile Include="Source\QC_StringHelpers.cpp">
      <Filter>Utils</Filter>
    </ClCompile>
    <ClCompile Include="Source\QF_Files.cpp">
      <Filter>Utils\FileIO</Filter>
    </ClCompile>
    <ClCompile Include="Source\QF_Directory.cpp">
      <Filter>Utils\Directory</Filter>
    </ClCompile>
    <ClCompile Include="Source\QF_Helpers.cpp">
      <Filter>Utils</Filter>
    </ClCompile>
    <ClCompile Include="Source\QF_ComponentTransform.cpp">
      <Filter>Components</Filter>
    </ClCompile>
    <ClCompile Include="Source\QF_Paths.cpp" />
    <ClCompile Include="Source\QF_Projects.cpp" />
  </ItemGroup>
  <ItemGroup>
    <ClInclude Include="Source\QC_CallbackFunction.h" />
    <ClInclude Include="Source\QC_Time.h" />
    <ClInclude Include="Source\QC_TypeDefs.h" />
    <ClInclude Include="Source\QF_PathDefines.h" />
    <ClInclude Include="Source\QF_Enums.h" />
    <ClInclude Include="Source\QF_Settings.h" />
    <ClInclude Include="Source\QF_Log.h">
      <Filter>Debug</Filter>
    </ClInclude>
    <ClInclude Include="Source\QF_Debug.h">
      <Filter>Debug</Filter>
    </ClInclude>
    <ClInclude Include="Source\QF_Input.h">
      <Filter>Input</Filter>
    </ClInclude>
    <ClInclude Include="Source\QF_eKeys.h">
      <Filter>Input</Filter>
    </ClInclude>
    <ClInclude Include="Source\QF_Window.h">
      <Filter>Window</Filter>
    </ClInclude>
    <ClInclude Include="Source\QF_Event.h">
      <Filter>Events</Filter>
    </ClInclude>
    <ClInclude Include="Source\QF_Events.h">
      <Filter>Events</Filter>
    </ClInclude>
    <ClInclude Include="Source\QF_Instrumentor.h">
      <Filter>Debug</Filter>
    </ClInclude>
    <ClInclude Include="Source\QF_GameObject.h">
      <Filter>Entity</Filter>
    </ClInclude>
    <ClInclude Include="Source\QC_MathFunctions.h">
      <Filter>Math</Filter>
    </ClInclude>
    <ClInclude Include="Source\QF_Math.h">
      <Filter>Math</Filter>
    </ClInclude>
    <ClInclude Include="Source\QF_PrintFunctions.h">
      <Filter>Debug</Filter>
    </ClInclude>
    <ClInclude Include="Source\QF_Profile.h">
      <Filter>Debug</Filter>
    </ClInclude>
    <ClInclude Include="Source\QF_PCH.h">
      <Filter>Root Files</Filter>
    </ClInclude>
    <ClInclude Include="Source\QF_Framework.h">
      <Filter>Root Files</Filter>
    </ClInclude>
    <ClInclude Include="Source\QF_ForcedIncludes.h">
      <Filter>Root Files</Filter>
    </ClInclude>
    <ClInclude Include="Source\QF_Scenes.h">
      <Filter>Scene</Filter>
    </ClInclude>
    <ClInclude Include="Source\QF_Scene.h">
      <Filter>Scene</Filter>
    </ClInclude>
    <ClInclude Include="Source\QF_Serialization.h">
      <Filter>Utils\FileIO\Serialization</Filter>
    </ClInclude>
    <ClInclude Include="Source\QF_Entity.h">
      <Filter>Scene</Filter>
    </ClInclude>
    <ClInclude Include="Source\QF_Renderer.h">
      <Filter>Renderer</Filter>
    </ClInclude>
    <ClInclude Include="Source\QF_Callbacks.h" />
    <ClInclude Include="Source\QF_RendererHelpers.h">
      <Filter>Renderer</Filter>
    </ClInclude>
    <ClInclude Include="Source\QF_Assets.h">
      <Filter>Assets</Filter>
    </ClInclude>
    <ClInclude Include="Source\QF_ComponentMesh.h">
      <Filter>Components</Filter>
    </ClInclude>
    <ClInclude Include="Source\QF_ComponentCamera.h">
      <Filter>Components</Filter>
    </ClInclude>
    <ClInclude Include="Source\QC_StringHelpers.h">
      <Filter>Utils</Filter>
    </ClInclude>
    <ClInclude Include="Source\QF_Files.h">
      <Filter>Utils\FileIO</Filter>
    </ClInclude>
    <ClInclude Include="Source\QF_AssetsTypes.h">
      <Filter>Assets</Filter>
    </ClInclude>
    <ClInclude Include="Source\QF_Buffer.h">
      <Filter>Utils\FileIO</Filter>
    </ClInclude>
    <ClInclude Include="Source\QF_Directory.h">
      <Filter>Utils\Directory</Filter>
    </ClInclude>
    <ClInclude Include="Source\QF_Helpers.h">
      <Filter>Utils</Filter>
    </ClInclude>
    <ClInclude Include="Source\QF_ComponentTransform.h">
      <Filter>Components</Filter>
    </ClInclude>
    <ClInclude Include="Source\QF_Colours.h" />
    <ClInclude Include="Source\QF_ScriptCamera.h">
      <Filter>Game Scripts</Filter>
    </ClInclude>
    <ClInclude Include="Source\QF_Scriptable.h">
      <Filter>Game Scripts</Filter>
    </ClInclude>
    <ClInclude Include="Source\QF_ComponentScript.h">
      <Filter>Components</Filter>
    </ClInclude>
    <ClInclude Include="Source\QF_Paths.h" />
    <ClInclude Include="Source\QF_ComponentLight.h">
      <Filter>Components</Filter>
    </ClInclude>
    <ClInclude Include="Source\QF_Projects.h" />
  </ItemGroup>
  <ItemGroup>
    <Filter Include="Debug">
      <UniqueIdentifier>{3ef2a781-714f-483a-bd9f-d97b67b21ad8}</UniqueIdentifier>
    </Filter>
    <Filter Include="Input">
      <UniqueIdentifier>{4fb67a4b-7e8e-4247-89ed-1bd9a032475f}</UniqueIdentifier>
    </Filter>
    <Filter Include="Window">
      <UniqueIdentifier>{1bbf462d-d776-4b4e-9072-739eae043f5a}</UniqueIdentifier>
    </Filter>
    <Filter Include="Events">
      <UniqueIdentifier>{80743b01-b609-4acc-a99d-5043ababe16e}</UniqueIdentifier>
    </Filter>
    <Filter Include="Entity">
      <UniqueIdentifier>{c4c4ea73-1a65-4be5-bb5a-56051d7d0648}</UniqueIdentifier>
    </Filter>
    <Filter Include="Math">
      <UniqueIdentifier>{a27c432a-4262-4ec4-bc28-97332a9d5293}</UniqueIdentifier>
    </Filter>
    <Filter Include="Root Files">
      <UniqueIdentifier>{d5b62bcb-1d02-446e-aaa5-d6a2b23f741b}</UniqueIdentifier>
    </Filter>
    <Filter Include="Scene">
      <UniqueIdentifier>{7599a1b0-c2ae-44ff-a81b-1ed7fdb6316a}</UniqueIdentifier>
    </Filter>
    <Filter Include="Renderer">
      <UniqueIdentifier>{e053b3d5-3dc4-4af2-9b68-6ad556038b53}</UniqueIdentifier>
    </Filter>
    <Filter Include="Components">
      <UniqueIdentifier>{96c480e2-99c4-4a6f-b574-fa45682e4b6a}</UniqueIdentifier>
    </Filter>
    <Filter Include="Renderer\Mesh">
      <UniqueIdentifier>{6f2fa8a4-0f5c-4646-8be2-9b0bd0d35e63}</UniqueIdentifier>
    </Filter>
    <Filter Include="Assets">
      <UniqueIdentifier>{59332054-2f7b-47ee-ac59-7ed08c2e0a30}</UniqueIdentifier>
    </Filter>
    <Filter Include="Game Scripts">
      <UniqueIdentifier>{5b33b51b-906a-4c60-acb7-99eb685eb3db}</UniqueIdentifier>
    </Filter>
    <Filter Include="Utils">
      <UniqueIdentifier>{0052a5f9-40cd-41bf-bdc1-fd33742b091f}</UniqueIdentifier>
    </Filter>
    <Filter Include="Utils\Directory">
      <UniqueIdentifier>{77441806-04ea-418e-b81e-be2556cd0de7}</UniqueIdentifier>
    </Filter>
    <Filter Include="Utils\FileIO">
      <UniqueIdentifier>{1309e9d7-5a74-40ee-8c0b-54b057666a3f}</UniqueIdentifier>
    </Filter>
    <Filter Include="Utils\FileIO\Serialization">
      <UniqueIdentifier>{f032c393-d9d5-474c-b819-bbf4e3be9bd4}</UniqueIdentifier>
    </Filter>
  </ItemGroup>
</Project>