<?xml version="1.0" encoding="utf-8"?>
<Project ToolsVersion="4.0" xmlns="http://schemas.microsoft.com/developer/msbuild/2003">
  <ItemGroup>
    <ClCompile Include="Source\QC_MathFunctions.cpp" />
    <ClCompile Include="Source\QC_StringHelpers.cpp" />
    <ClCompile Include="Source\QC_Time.cpp" />
    <ClCompile Include="Source\QF_AssetLoadedEvent.cpp" />
    <ClCompile Include="Source\QF_AssignWin32Keys.cpp" />
    <ClCompile Include="Source\QF_FileSystem.cpp" />
    <ClCompile Include="Source\QF_FileUtilities.cpp" />
    <ClCompile Include="Source\QF_Framework.cpp" />
    <ClCompile Include="Source\QF_GameObject.cpp" />
    <ClCompile Include="Source\QF_Jobs.cpp" />
    <ClCompile Include="Source\QF_Memory.cpp" />
    <ClCompile Include="Source\QF_Mirror.cpp" />
    <ClCompile Include="Source\QF_MyFileWriter.cpp" />
    <ClCompile Include="Source\QF_PCH.cpp" />
    <ClCompile Include="Source\QF_PrintFunctions.cpp" />
    <ClCompile Include="Source\QF_Scene.cpp" />
    <ClCompile Include="Source\QF_SceneSerialization.cpp" />
    <ClCompile Include="Source\QF_Scenes.cpp" />
    <ClCompile Include="Source\QF_Serialization.cpp" />
    <ClCompile Include="Source\QF_Settings.cpp" />
    <ClCompile Include="Source\QF_Log.cpp">
      <Filter>Debug</Filter>
    </ClCompile>
    <ClCompile Include="Source\QF_glfw_AssignGLFWKeys.cpp">
      <Filter>Input</Filter>
    </ClCompile>
    <ClCompile Include="Source\QF_glfw_InputCallBacks.cpp">
      <Filter>Input</Filter>
    </ClCompile>
    <ClCompile Include="Source\QF_Input.cpp">
      <Filter>Input</Filter>
    </ClCompile>
    <ClCompile Include="Source\QF_Window.cpp">
      <Filter>Window</Filter>
    </ClCompile>
    <ClCompile Include="Source\QF_Events.cpp">
      <Filter>Events</Filter>
    </ClCompile>
    <ClCompile Include="Source\QF_JobQueuedEvent.cpp">
      <Filter>Events</Filter>
    </ClCompile>
  </ItemGroup>
  <ItemGroup>
    <ClInclude Include="Source\QC_CallbackFunction.h" />
    <ClInclude Include="Source\QC_Macros.h" />
    <ClInclude Include="Source\QC_MathConstants.h" />
    <ClInclude Include="Source\QC_MathFunctions.h" />
    <ClInclude Include="Source\QC_StringHelpers.h" />
    <ClInclude Include="Source\QC_Time.h" />
    <ClInclude Include="Source\QC_TypeDefs.h" />
    <ClInclude Include="Source\QF_Asset.h" />
    <ClInclude Include="Source\QF_AssetLoadedEvent.h" />
    <ClInclude Include="Source\QF_Asset_Tag.h" />
    <ClInclude Include="Source\QF_Constants.h" />
    <ClInclude Include="Source\QF_Defines.h" />
    <ClInclude Include="Source\QF_Enums.h" />
    <ClInclude Include="Source\QF_FileSystem.h" />
    <ClInclude Include="Source\QF_FileUtilities.h" />
    <ClInclude Include="Source\QF_ForcedIncludes.h" />
    <ClInclude Include="Source\QF_Framework.h" />
    <ClInclude Include="Source\QF_GameObject.h" />
    <ClInclude Include="Source\QF_Include.h" />
    <ClInclude Include="Source\QF_Instrumentor.h" />
    <ClInclude Include="Source\QF_Jobs.h" />
    <ClInclude Include="Source\QF_Math.h" />
    <ClInclude Include="Source\QF_Memory.h" />
    <ClInclude Include="Source\QF_MyFileWriter.h" />
    <ClInclude Include="Source\QF_PCH.h" />
    <ClInclude Include="Source\QF_PrintFunctions.h" />
    <ClInclude Include="Source\QF_Profile.h" />
    <ClInclude Include="Source\QF_QwerkE.h" />
    <ClInclude Include="Source\QF_Scene.h" />
    <ClInclude Include="Source\QF_Scenes.h" />
    <ClInclude Include="Source\QF_Serialization.h" />
    <ClInclude Include="Source\QF_Settings.h" />
    <ClInclude Include="Source\QF_Log.h">
      <Filter>Debug</Filter>
    </ClInclude>
    <ClInclude Include="Source\QF_Debug.h">
      <Filter>Debug</Filter>
    </ClInclude>
    <ClInclude Include="Source\QF_Input.h">
      <Filter>Input</Filter>
    </ClInclude>
    <ClInclude Include="Source\QF_eKeys.h">
      <Filter>Input</Filter>
    </ClInclude>
    <ClInclude Include="Source\QF_Window.h">
      <Filter>Window</Filter>
    </ClInclude>
    <ClInclude Include="Source\QF_Event.h">
      <Filter>Events</Filter>
    </ClInclude>
    <ClInclude Include="Source\QF_Events.h">
      <Filter>Events</Filter>
    </ClInclude>
    <ClInclude Include="Source\QF_JobQueuedEvent.h">
      <Filter>Events</Filter>
    </ClInclude>
  </ItemGroup>
  <ItemGroup>
    <Filter Include="Debug">
      <UniqueIdentifier>{3ef2a781-714f-483a-bd9f-d97b67b21ad8}</UniqueIdentifier>
    </Filter>
    <Filter Include="Input">
      <UniqueIdentifier>{4fb67a4b-7e8e-4247-89ed-1bd9a032475f}</UniqueIdentifier>
    </Filter>
    <Filter Include="Window">
      <UniqueIdentifier>{1bbf462d-d776-4b4e-9072-739eae043f5a}</UniqueIdentifier>
    </Filter>
    <Filter Include="Events">
      <UniqueIdentifier>{80743b01-b609-4acc-a99d-5043ababe16e}</UniqueIdentifier>
    </Filter>
  </ItemGroup>
</Project>