<?xml version="1.0" encoding="utf-8"?>
<Project ToolsVersion="4.0" xmlns="http://schemas.microsoft.com/developer/msbuild/2003">
  <ItemGroup>
    <ClCompile Include="Source\QE_EditorInspector.cpp">
      <Filter>Windows</Filter>
    </ClCompile>
    <ClCompile Include="Source\QE_Editor.cpp">
      <Filter>Root Files</Filter>
    </ClCompile>
    <ClCompile Include="Source\QE_PCH.cpp">
      <Filter>Root Files</Filter>
    </ClCompile>
    <ClCompile Include="Source\QE_ProgramArgs.cpp">
      <Filter>Utils</Filter>
    </ClCompile>
    <ClCompile Include="Source\QE_EditorWindowStylePicker.cpp">
      <Filter>Windows\Instanced</Filter>
    </ClCompile>
    <ClCompile Include="Source\QE_EditorWindowNodeEditor.cpp">
      <Filter>Windows\Instanced</Filter>
    </ClCompile>
  </ItemGroup>
  <ItemGroup>
    <ClInclude Include="Source\QE_EditorInspector.h">
      <Filter>Windows</Filter>
    </ClInclude>
    <ClInclude Include="Source\QE_MaterialEditor.h">
      <Filter>Windows</Filter>
    </ClInclude>
    <ClInclude Include="Source\QE_SceneGraph.h">
      <Filter>Windows</Filter>
    </ClInclude>
    <ClInclude Include="Source\QE_ShaderEditor.h">
      <Filter>Windows</Filter>
    </ClInclude>
    <ClInclude Include="Source\QE_Editor.h">
      <Filter>Root Files</Filter>
    </ClInclude>
    <ClInclude Include="Source\QE_PCH.h">
      <Filter>Root Files</Filter>
    </ClInclude>
    <ClInclude Include="Source\QE_ProgramArgs.h">
      <Filter>Utils</Filter>
    </ClInclude>
    <ClInclude Include="Source\QE_EditorWindow.h">
      <Filter>Windows</Filter>
    </ClInclude>
    <ClInclude Include="Source\QE_EditorWindowMenuBar.h">
      <Filter>Windows\Unique</Filter>
    </ClInclude>
    <ClInclude Include="Source\QE_EditorWindowImGuiDemo.h">
      <Filter>Windows\Unique</Filter>
    </ClInclude>
    <ClInclude Include="Source\QE_EditorWindowDockingContext.h">
      <Filter>Windows\Unique</Filter>
    </ClInclude>
    <ClInclude Include="Source\QE_EditorWindowDefaultDebug.h">
      <Filter>Windows\Unique</Filter>
    </ClInclude>
    <ClInclude Include="Source\QE_EditorWindowAssets.h">
      <Filter>Windows\Instanced</Filter>
    </ClInclude>
    <ClInclude Include="Source\QE_EditorWindowEntityInspector.h">
      <Filter>Windows\Instanced</Filter>
    </ClInclude>
    <ClInclude Include="Source\QE_EditorWindowSceneControls.h">
      <Filter>Windows\Instanced</Filter>
    </ClInclude>
    <ClInclude Include="Source\QE_EditorWindowSceneGraph.h">
      <Filter>Windows\Instanced</Filter>
    </ClInclude>
    <ClInclude Include="Source\QE_EditorWindowSceneView.h">
      <Filter>Windows\Instanced</Filter>
    </ClInclude>
    <ClInclude Include="Source\QE_EditorWindowSettings.h">
      <Filter>Windows\Instanced</Filter>
    </ClInclude>
    <ClInclude Include="Source\QE_EditorWindowStylePicker.h">
      <Filter>Windows\Instanced</Filter>
    </ClInclude>
    <ClInclude Include="Source\QE_EditorWindowMaterialEditor.h">
      <Filter>Windows\Instanced</Filter>
    </ClInclude>
    <ClInclude Include="Source\QE_EditorWindowFolderViewer.h">
      <Filter>Windows\Instanced</Filter>
    </ClInclude>
    <ClInclude Include="Source\QE_EditorWindowNodeEditor.h">
      <Filter>Windows\Instanced</Filter>
    </ClInclude>
    <ClInclude Include="Source\QE_EditorWindowShaderEditor.h">
      <Filter>Windows\Instanced</Filter>
    </ClInclude>
  </ItemGroup>
  <ItemGroup>
    <Filter Include="Windows">
      <UniqueIdentifier>{b65493ab-9efd-43bf-a216-f10b7f09c065}</UniqueIdentifier>
    </Filter>
    <Filter Include="Root Files">
      <UniqueIdentifier>{9684db7b-7a5d-4fe5-bddc-fde7ef1797a3}</UniqueIdentifier>
    </Filter>
    <Filter Include="Utils">
      <UniqueIdentifier>{22e305f0-c945-4673-bcd5-c5dee96782a7}</UniqueIdentifier>
    </Filter>
    <Filter Include="Windows\Unique">
      <UniqueIdentifier>{93cb9dc8-1734-47b6-b174-b4dc83767fdc}</UniqueIdentifier>
    </Filter>
    <Filter Include="Windows\Instanced">
      <UniqueIdentifier>{ad298d2d-2571-4e2d-80dc-09536052f26d}</UniqueIdentifier>
    </Filter>
  </ItemGroup>
</Project>