<?xml version="1.0" encoding="utf-8"?>
<Project ToolsVersion="4.0" xmlns="http://schemas.microsoft.com/developer/msbuild/2003">
  <ItemGroup>
    <Filter Include="bgfx">
      <UniqueIdentifier>{6C90947C-58C7-950D-01B4-7B10EDC9110F}</UniqueIdentifier>
    </Filter>
    <Filter Include="bgfx\3rdparty">
      <UniqueIdentifier>{54BCF635-C07C-726C-89B7-BBE9F536B748}</UniqueIdentifier>
    </Filter>
    <Filter Include="bgfx\3rdparty\dear-imgui">
      <UniqueIdentifier>{67E0E4DA-5305-345B-7C50-19EB68D43279}</UniqueIdentifier>
    </Filter>
    <Filter Include="bgfx\3rdparty\meshoptimizer">
      <UniqueIdentifier>{3303B9BA-9F10-E7A0-28F7-E28B9403B357}</UniqueIdentifier>
    </Filter>
    <Filter Include="bgfx\3rdparty\meshoptimizer\src">
      <UniqueIdentifier>{CA2239A9-3606-48E9-3F09-7625AB6B0E3A}</UniqueIdentifier>
    </Filter>
    <Filter Include="bgfx\include">
      <UniqueIdentifier>{DF6331EF-CBC6-C093-744C-F949608E8C16}</UniqueIdentifier>
    </Filter>
    <Filter Include="bgfx\include\bgfx">
      <UniqueIdentifier>{D5A73F10-41BE-3DA6-8A35-C9C7F68A0E2E}</UniqueIdentifier>
    </Filter>
    <Filter Include="bgfx\include\bgfx\c99">
      <UniqueIdentifier>{D9FCE4F4-4569-A0EF-0E5D-384D7A88C257}</UniqueIdentifier>
    </Filter>
    <Filter Include="bgfx\src">
      <UniqueIdentifier>{83A41ADC-6F71-75E7-988A-638F84B6AA75}</UniqueIdentifier>
    </Filter>
    <Filter Include="src">
      <UniqueIdentifier>{2DAB880B-99B4-887C-2230-9F7C8E38947C}</UniqueIdentifier>
    </Filter>
  </ItemGroup>
  <ItemGroup>
    <ClInclude Include="..\bgfx\3rdparty\dear-imgui\imconfig.h">
      <Filter>bgfx\3rdparty\dear-imgui</Filter>
    </ClInclude>
    <ClInclude Include="..\bgfx\3rdparty\dear-imgui\imgui.h">
      <Filter>bgfx\3rdparty\dear-imgui</Filter>
    </ClInclude>
    <ClInclude Include="..\bgfx\3rdparty\dear-imgui\imgui_internal.h">
      <Filter>bgfx\3rdparty\dear-imgui</Filter>
    </ClInclude>
    <ClInclude Include="..\bgfx\3rdparty\dear-imgui\imgui_user.h">
      <Filter>bgfx\3rdparty\dear-imgui</Filter>
    </ClInclude>
    <ClInclude Include="..\bgfx\3rdparty\dear-imgui\imstb_rectpack.h">
      <Filter>bgfx\3rdparty\dear-imgui</Filter>
    </ClInclude>
    <ClInclude Include="..\bgfx\3rdparty\dear-imgui\imstb_textedit.h">
      <Filter>bgfx\3rdparty\dear-imgui</Filter>
    </ClInclude>
    <ClInclude Include="..\bgfx\3rdparty\dear-imgui\imstb_truetype.h">
      <Filter>bgfx\3rdparty\dear-imgui</Filter>
    </ClInclude>
    <ClInclude Include="..\bgfx\include\bgfx\bgfx.h">
      <Filter>bgfx\include\bgfx</Filter>
    </ClInclude>
    <ClInclude Include="..\bgfx\include\bgfx\c99\bgfx.h">
      <Filter>bgfx\include\bgfx\c99</Filter>
    </ClInclude>
    <ClInclude Include="..\bgfx\include\bgfx\defines.h">
      <Filter>bgfx\include\bgfx</Filter>
    </ClInclude>
    <ClInclude Include="..\bgfx\include\bgfx\embedded_shader.h">
      <Filter>bgfx\include\bgfx</Filter>
    </ClInclude>
    <ClInclude Include="..\bgfx\include\bgfx\platform.h">
      <Filter>bgfx\include\bgfx</Filter>
    </ClInclude>
    <ClInclude Include="..\bgfx\src\bgfx_p.h">
      <Filter>bgfx\src</Filter>
    </ClInclude>
    <ClInclude Include="..\bgfx\src\charset.h">
      <Filter>bgfx\src</Filter>
    </ClInclude>
    <ClInclude Include="..\bgfx\src\config.h">
      <Filter>bgfx\src</Filter>
    </ClInclude>
    <ClInclude Include="..\bgfx\src\debug_renderdoc.h">
      <Filter>bgfx\src</Filter>
    </ClInclude>
    <ClInclude Include="..\bgfx\src\dxgi.h">
      <Filter>bgfx\src</Filter>
    </ClInclude>
    <ClInclude Include="..\bgfx\src\emscripten.h">
      <Filter>bgfx\src</Filter>
    </ClInclude>
    <ClInclude Include="..\bgfx\src\fs_clear0.bin.h">
      <Filter>bgfx\src</Filter>
    </ClInclude>
    <ClInclude Include="..\bgfx\src\fs_clear1.bin.h">
      <Filter>bgfx\src</Filter>
    </ClInclude>
    <ClInclude Include="..\bgfx\src\fs_clear2.bin.h">
      <Filter>bgfx\src</Filter>
    </ClInclude>
    <ClInclude Include="..\bgfx\src\fs_clear3.bin.h">
      <Filter>bgfx\src</Filter>
    </ClInclude>
    <ClInclude Include="..\bgfx\src\fs_clear4.bin.h">
      <Filter>bgfx\src</Filter>
    </ClInclude>
    <ClInclude Include="..\bgfx\src\fs_clear5.bin.h">
      <Filter>bgfx\src</Filter>
    </ClInclude>
    <ClInclude Include="..\bgfx\src\fs_clear6.bin.h">
      <Filter>bgfx\src</Filter>
    </ClInclude>
    <ClInclude Include="..\bgfx\src\fs_clear7.bin.h">
      <Filter>bgfx\src</Filter>
    </ClInclude>
    <ClInclude Include="..\bgfx\src\fs_debugfont.bin.h">
      <Filter>bgfx\src</Filter>
    </ClInclude>
    <ClInclude Include="..\bgfx\src\glcontext_egl.h">
      <Filter>bgfx\src</Filter>
    </ClInclude>
    <ClInclude Include="..\bgfx\src\glcontext_html5.h">
      <Filter>bgfx\src</Filter>
    </ClInclude>
    <ClInclude Include="..\bgfx\src\glcontext_wgl.h">
      <Filter>bgfx\src</Filter>
    </ClInclude>
    <ClInclude Include="..\bgfx\src\glimports.h">
      <Filter>bgfx\src</Filter>
    </ClInclude>
    <ClInclude Include="..\bgfx\src\nvapi.h">
      <Filter>bgfx\src</Filter>
    </ClInclude>
    <ClInclude Include="..\bgfx\src\renderer.h">
      <Filter>bgfx\src</Filter>
    </ClInclude>
    <ClInclude Include="..\bgfx\src\renderer_d3d.h">
      <Filter>bgfx\src</Filter>
    </ClInclude>
    <ClInclude Include="..\bgfx\src\renderer_d3d11.h">
      <Filter>bgfx\src</Filter>
    </ClInclude>
    <ClInclude Include="..\bgfx\src\renderer_d3d12.h">
      <Filter>bgfx\src</Filter>
    </ClInclude>
    <ClInclude Include="..\bgfx\src\renderer_gl.h">
      <Filter>bgfx\src</Filter>
    </ClInclude>
    <ClInclude Include="..\bgfx\src\renderer_mtl.h">
      <Filter>bgfx\src</Filter>
    </ClInclude>
    <ClInclude Include="..\bgfx\src\renderer_vk.h">
      <Filter>bgfx\src</Filter>
    </ClInclude>
    <ClInclude Include="..\bgfx\src\shader.h">
      <Filter>bgfx\src</Filter>
    </ClInclude>
    <ClInclude Include="..\bgfx\src\shader_dxbc.h">
      <Filter>bgfx\src</Filter>
    </ClInclude>
    <ClInclude Include="..\bgfx\src\shader_spirv.h">
      <Filter>bgfx\src</Filter>
    </ClInclude>
    <ClInclude Include="..\bgfx\src\topology.h">
      <Filter>bgfx\src</Filter>
    </ClInclude>
    <ClInclude Include="..\bgfx\src\version.h">
      <Filter>bgfx\src</Filter>
    </ClInclude>
    <ClInclude Include="..\bgfx\src\vertexlayout.h">
      <Filter>bgfx\src</Filter>
    </ClInclude>
    <ClInclude Include="..\bgfx\src\vs_clear.bin.h">
      <Filter>bgfx\src</Filter>
    </ClInclude>
    <ClInclude Include="..\bgfx\src\vs_debugfont.bin.h">
      <Filter>bgfx\src</Filter>
    </ClInclude>
    <ClInclude Include="src\aviwriter.h">
      <Filter>src</Filter>
    </ClInclude>
    <ClInclude Include="src\cube_atlas.h">
      <Filter>src</Filter>
    </ClInclude>
    <ClInclude Include="src\packrect.h">
      <Filter>src</Filter>
    </ClInclude>
  </ItemGroup>
  <ItemGroup>
    <ClCompile Include="..\bgfx\3rdparty\dear-imgui\imgui.cpp">
      <Filter>bgfx\3rdparty\dear-imgui</Filter>
    </ClCompile>
    <ClCompile Include="..\bgfx\3rdparty\dear-imgui\imgui_demo.cpp">
      <Filter>bgfx\3rdparty\dear-imgui</Filter>
    </ClCompile>
    <ClCompile Include="..\bgfx\3rdparty\dear-imgui\imgui_draw.cpp">
      <Filter>bgfx\3rdparty\dear-imgui</Filter>
    </ClCompile>
    <ClCompile Include="..\bgfx\3rdparty\dear-imgui\imgui_tables.cpp">
      <Filter>bgfx\3rdparty\dear-imgui</Filter>
    </ClCompile>
    <ClCompile Include="..\bgfx\3rdparty\dear-imgui\imgui_widgets.cpp">
      <Filter>bgfx\3rdparty\dear-imgui</Filter>
    </ClCompile>
    <ClCompile Include="..\bgfx\3rdparty\meshoptimizer\src\indexcodec.cpp">
      <Filter>bgfx\3rdparty\meshoptimizer\src</Filter>
    </ClCompile>
    <ClCompile Include="..\bgfx\3rdparty\meshoptimizer\src\vertexcodec.cpp">
      <Filter>bgfx\3rdparty\meshoptimizer\src</Filter>
    </ClCompile>
    <ClCompile Include="..\bgfx\src\bgfx.cpp">
      <Filter>bgfx\src</Filter>
    </ClCompile>
    <ClCompile Include="..\bgfx\src\debug_renderdoc.cpp">
      <Filter>bgfx\src</Filter>
    </ClCompile>
    <ClCompile Include="..\bgfx\src\dxgi.cpp">
      <Filter>bgfx\src</Filter>
    </ClCompile>
    <ClCompile Include="..\bgfx\src\glcontext_egl.cpp">
      <Filter>bgfx\src</Filter>
    </ClCompile>
    <ClCompile Include="..\bgfx\src\glcontext_html5.cpp">
      <Filter>bgfx\src</Filter>
    </ClCompile>
    <ClCompile Include="..\bgfx\src\glcontext_wgl.cpp">
      <Filter>bgfx\src</Filter>
    </ClCompile>
    <ClCompile Include="..\bgfx\src\nvapi.cpp">
      <Filter>bgfx\src</Filter>
    </ClCompile>
    <ClCompile Include="..\bgfx\src\renderer_agc.cpp">
      <Filter>bgfx\src</Filter>
    </ClCompile>
    <ClCompile Include="..\bgfx\src\renderer_d3d11.cpp">
      <Filter>bgfx\src</Filter>
    </ClCompile>
    <ClCompile Include="..\bgfx\src\renderer_d3d12.cpp">
      <Filter>bgfx\src</Filter>
    </ClCompile>
    <ClCompile Include="..\bgfx\src\renderer_gl.cpp">
      <Filter>bgfx\src</Filter>
    </ClCompile>
    <ClCompile Include="..\bgfx\src\renderer_gnm.cpp">
      <Filter>bgfx\src</Filter>
    </ClCompile>
    <ClCompile Include="..\bgfx\src\renderer_noop.cpp">
      <Filter>bgfx\src</Filter>
    </ClCompile>
    <ClCompile Include="..\bgfx\src\renderer_nvn.cpp">
      <Filter>bgfx\src</Filter>
    </ClCompile>
    <ClCompile Include="..\bgfx\src\renderer_vk.cpp">
      <Filter>bgfx\src</Filter>
    </ClCompile>
    <ClCompile Include="..\bgfx\src\shader.cpp">
      <Filter>bgfx\src</Filter>
    </ClCompile>
    <ClCompile Include="..\bgfx\src\shader_dxbc.cpp">
      <Filter>bgfx\src</Filter>
    </ClCompile>
    <ClCompile Include="..\bgfx\src\shader_spirv.cpp">
      <Filter>bgfx\src</Filter>
    </ClCompile>
    <ClCompile Include="..\bgfx\src\topology.cpp">
      <Filter>bgfx\src</Filter>
    </ClCompile>
    <ClCompile Include="..\bgfx\src\vertexlayout.cpp">
      <Filter>bgfx\src</Filter>
    </ClCompile>
    <ClCompile Include="src\LoadShader.cpp">
      <Filter>src</Filter>
    </ClCompile>
    <ClCompile Include="src\bgfx_utils.cpp">
      <Filter>src</Filter>
    </ClCompile>
    <ClCompile Include="src\camera.cpp">
      <Filter>src</Filter>
    </ClCompile>
    <ClCompile Include="src\cube_atlas.cpp">
      <Filter>src</Filter>
    </ClCompile>
    <ClCompile Include="src\example-glue.cpp">
      <Filter>src</Filter>
    </ClCompile>
  </ItemGroup>
  <ItemGroup>
    <None Include="..\bgfx\3rdparty\dear-imgui\LICENSE.txt">
      <Filter>bgfx\3rdparty\dear-imgui</Filter>
    </None>
  </ItemGroup>
</Project>