<?xml version="1.0" encoding="utf-8"?>
<Project ToolsVersion="4.0" xmlns="http://schemas.microsoft.com/developer/msbuild/2003">
  <ItemGroup>
    <Filter Include="Compiler">
      <UniqueIdentifier>{40CAD6B7-2C97-31C3-55B0-1F6B41DC6651}</UniqueIdentifier>
    </Filter>
    <Filter Include="port">
      <UniqueIdentifier>{4A619C7C-3698-9D0D-DF84-8310CB9A190F}</UniqueIdentifier>
    </Filter>
    <Filter Include="port\AndroidJNI">
      <UniqueIdentifier>{5B69BA6B-C7F4-2730-D005-AB243C108430}</UniqueIdentifier>
    </Filter>
  </ItemGroup>
  <ItemGroup>
    <ClInclude Include="BaseImporter.h" />
    <ClInclude Include="Bitmap.h" />
    <ClInclude Include="BlobIOSystem.h" />
    <ClInclude Include="ByteSwapper.h" />
    <ClInclude Include="Compiler\poppack1.h">
      <Filter>Compiler</Filter>
    </ClInclude>
    <ClInclude Include="Compiler\pstdint.h">
      <Filter>Compiler</Filter>
    </ClInclude>
    <ClInclude Include="Compiler\pushpack1.h">
      <Filter>Compiler</Filter>
    </ClInclude>
    <ClInclude Include="CreateAnimMesh.h" />
    <ClInclude Include="DefaultIOStream.h" />
    <ClInclude Include="DefaultIOSystem.h" />
    <ClInclude Include="Defines.h" />
    <ClInclude Include="Exceptional.h" />
    <ClInclude Include="GenericProperty.h" />
    <ClInclude Include="Hash.h" />
    <ClInclude Include="IOStreamBuffer.h" />
    <ClInclude Include="LineSplitter.h" />
    <ClInclude Include="LogAux.h" />
    <ClInclude Include="Macros.h" />
    <ClInclude Include="MathFunctions.h" />
    <ClInclude Include="MemoryIOWrapper.h" />
    <ClInclude Include="ParsingUtils.h" />
    <ClInclude Include="Profiler.h" />
    <ClInclude Include="RemoveComments.h" />
    <ClInclude Include="SGSpatialSort.h" />
    <ClInclude Include="SceneCombiner.h" />
    <ClInclude Include="SkeletonMeshBuilder.h" />
    <ClInclude Include="SmoothingGroups.h" />
    <ClInclude Include="SpatialSort.h" />
    <ClInclude Include="StandardShapes.h" />
    <ClInclude Include="StreamReader.h" />
    <ClInclude Include="StreamWriter.h" />
    <ClInclude Include="StringComparison.h" />
    <ClInclude Include="StringUtils.h" />
    <ClInclude Include="Subdivision.h" />
    <ClInclude Include="TinyFormatter.h" />
    <ClInclude Include="Vertex.h" />
    <ClInclude Include="XMLTools.h" />
    <ClInclude Include="ai_assert.h" />
    <ClInclude Include="anim.h" />
    <ClInclude Include="camera.h" />
    <ClInclude Include="cexport.h" />
    <ClInclude Include="cfileio.h" />
    <ClInclude Include="cimport.h" />
    <ClInclude Include="color4.h" />
    <ClInclude Include="config.h" />
    <ClInclude Include="defs.h" />
    <ClInclude Include="fast_atof.h" />
    <ClInclude Include="importerdesc.h" />
    <ClInclude Include="irrXMLWrapper.h" />
    <ClInclude Include="light.h" />
    <ClInclude Include="material.h" />
    <ClInclude Include="matrix3x3.h" />
    <ClInclude Include="matrix4x4.h" />
    <ClInclude Include="mesh.h" />
    <ClInclude Include="metadata.h" />
    <ClInclude Include="pbrmaterial.h" />
    <ClInclude Include="port\AndroidJNI\AndroidJNIIOSystem.h">
      <Filter>port\AndroidJNI</Filter>
    </ClInclude>
    <ClInclude Include="postprocess.h" />
    <ClInclude Include="qnan.h" />
    <ClInclude Include="quaternion.h" />
    <ClInclude Include="scene.h" />
    <ClInclude Include="texture.h" />
    <ClInclude Include="types.h" />
    <ClInclude Include="vector2.h" />
    <ClInclude Include="vector3.h" />
    <ClInclude Include="version.h" />
  </ItemGroup>
</Project>