<?xml version="1.0" encoding="utf-8"?>
<Project ToolsVersion="4.0" xmlns="http://schemas.microsoft.com/developer/msbuild/2003">
  <ItemGroup>
    <ClCompile Include="Editor\QE_Editor.cpp" />
    <ClCompile Include="Editor\QE_EditorInspector.cpp" />
    <ClCompile Include="Editor\QE_Mirror.cpp" />
    <ClCompile Include="Editor\QE_PCH.cpp" />
    <ClCompile Include="Editor\QE_Projects.cpp" />
    <ClCompile Include="Editor\QE_Settings.cpp" />
    <ClCompile Include="Editor\QE_EditorWindowSettings.cpp">
      <Filter>Windows\Instanced</Filter>
    </ClCompile>
    <ClCompile Include="Editor\QE_EditorWindowStylePicker.cpp">
      <Filter>Windows\Instanced</Filter>
    </ClCompile>
    <ClCompile Include="Editor\QE_EditorWindowNodeEditor.cpp">
      <Filter>Windows\Instanced</Filter>
    </ClCompile>
    <ClCompile Include="Editor\QE_EditorWindowNodeEditorBlueprints.cpp">
      <Filter>Windows\Instanced</Filter>
    </ClCompile>
    <ClCompile Include="Editor\QE_EditorWindowMenuBar.cpp" />
  </ItemGroup>
  <ItemGroup>
    <ClInclude Include="Editor\QE_Editor.h" />
    <ClInclude Include="Editor\QE_EditorInspector.h" />
    <ClInclude Include="Editor\QE_MaterialEditor.h" />
    <ClInclude Include="Editor\QE_PCH.h" />
    <ClInclude Include="Editor\QE_Projects.h" />
    <ClInclude Include="Editor\QE_Settings.h" />
    <ClInclude Include="Editor\QE_EditorWindowAssets.h">
      <Filter>Windows\Instanced</Filter>
    </ClInclude>
    <ClInclude Include="Editor\QE_EditorWindowDockingContext.h">
      <Filter>Windows\Singleton</Filter>
    </ClInclude>
    <ClInclude Include="Editor\QE_EditorWindowDefaultDebug.h">
      <Filter>Windows\Singleton</Filter>
    </ClInclude>
    <ClInclude Include="Editor\QE_EditorWindowMenuBar.h">
      <Filter>Windows\Singleton</Filter>
    </ClInclude>
    <ClInclude Include="Editor\QE_EditorWindowStylePicker.h">
      <Filter>Windows\Instanced</Filter>
    </ClInclude>
    <ClInclude Include="Editor\QE_EditorWindowSceneControls.h">
      <Filter>Windows\Instanced</Filter>
    </ClInclude>
    <ClInclude Include="Editor\QE_EditorWindowSceneGraph.h">
      <Filter>Windows\Instanced</Filter>
    </ClInclude>
    <ClInclude Include="Editor\QE_EditorWindowSceneView.h">
      <Filter>Windows\Instanced</Filter>
    </ClInclude>
    <ClInclude Include="Editor\QE_EditorWindowSettings.h">
      <Filter>Windows\Instanced</Filter>
    </ClInclude>
    <ClInclude Include="Editor\QE_EditorWindowShaderEditor.h">
      <Filter>Windows\Instanced</Filter>
    </ClInclude>
    <ClInclude Include="Editor\QE_EditorWindowPrompt.h">
      <Filter>Windows\Singleton</Filter>
    </ClInclude>
    <ClInclude Include="Editor\QE_EditorWindowPrefabScene.h">
      <Filter>Windows\Instanced</Filter>
    </ClInclude>
    <ClInclude Include="Editor\QE_EditorWindowMaterialEditor.h">
      <Filter>Windows\Instanced</Filter>
    </ClInclude>
    <ClInclude Include="Editor\QE_EditorWindowNodeEditor.h">
      <Filter>Windows\Instanced</Filter>
    </ClInclude>
    <ClInclude Include="Editor\QE_EditorWindowImGuiDemo.h">
      <Filter>Windows\Singleton</Filter>
    </ClInclude>
    <ClInclude Include="Editor\QE_EditorWindowHelpers.h">
      <Filter>Windows\Instanced</Filter>
    </ClInclude>
    <ClInclude Include="Editor\QE_EditorWindowEntityInspector.h">
      <Filter>Windows\Instanced</Filter>
    </ClInclude>
    <ClInclude Include="Editor\QE_EditorWindowFolderViewer.h">
      <Filter>Windows\Instanced</Filter>
    </ClInclude>
    <ClInclude Include="Editor\QE_EditorWindow.h">
      <Filter>Windows</Filter>
    </ClInclude>
    <ClInclude Include="Editor\QE_Mirror.h" />
    <ClInclude Include="Editor\QE_EditorWindowConsole.h">
      <Filter>Windows\Singleton</Filter>
    </ClInclude>
  </ItemGroup>
  <ItemGroup>
    <Filter Include="Windows">
      <UniqueIdentifier>{b65493ab-9efd-43bf-a216-f10b7f09c065}</UniqueIdentifier>
    </Filter>
    <Filter Include="Windows\Instanced">
      <UniqueIdentifier>{ad298d2d-2571-4e2d-80dc-09536052f26d}</UniqueIdentifier>
    </Filter>
    <Filter Include="Windows\Singleton">
      <UniqueIdentifier>{93cb9dc8-1734-47b6-b174-b4dc83767fdc}</UniqueIdentifier>
    </Filter>
  </ItemGroup>
</Project>