<?xml version="1.0" encoding="utf-8"?>
<Project ToolsVersion="4.0" xmlns="http://schemas.microsoft.com/developer/msbuild/2003">
  <ItemGroup>
    <ClCompile Include="Framework\QF_Framework.cpp" />
    <ClCompile Include="Framework\QF_PCH.cpp" />
    <ClCompile Include="Framework\QF_Assets.cpp">
      <Filter>Assets</Filter>
    </ClCompile>
    <ClCompile Include="Framework\QF_Window.cpp">
      <Filter>Window</Filter>
    </ClCompile>
    <ClCompile Include="Framework\QF_AssignWin32Keys.cpp">
      <Filter>Input</Filter>
    </ClCompile>
    <ClCompile Include="Framework\QF_Log.cpp">
      <Filter>Debug</Filter>
    </ClCompile>
    <ClCompile Include="Framework\QF_Events.cpp">
      <Filter>Events</Filter>
    </ClCompile>
    <ClCompile Include="Framework\QF_ComponentMesh.cpp">
      <Filter>Entities\Components</Filter>
    </ClCompile>
    <ClCompile Include="Framework\QF_ComponentTransform.cpp">
      <Filter>Entities\Components</Filter>
    </ClCompile>
    <ClCompile Include="Framework\QF_Input.cpp">
      <Filter>Input</Filter>
    </ClCompile>
    <ClCompile Include="Framework\QF_Files.cpp">
      <Filter>Utils\FileIO</Filter>
    </ClCompile>
    <ClCompile Include="Framework\QF_Scripting.cpp">
      <Filter>Scripting</Filter>
    </ClCompile>
    <ClCompile Include="Framework\QF_Renderer.cpp">
      <Filter>Rendering</Filter>
    </ClCompile>
    <ClCompile Include="Framework\QF_RendererHelpers.cpp">
      <Filter>Rendering</Filter>
    </ClCompile>
    <ClCompile Include="Framework\QF_Paths.cpp">
      <Filter>Utils</Filter>
    </ClCompile>
    <ClCompile Include="Framework\QF_Helpers.cpp">
      <Filter>Utils</Filter>
    </ClCompile>
    <ClCompile Include="Framework\QF_Scene.cpp">
      <Filter>Scenes</Filter>
    </ClCompile>
    <ClCompile Include="Framework\QF_Scenes.cpp">
      <Filter>Scenes</Filter>
    </ClCompile>
    <ClCompile Include="Framework\QF_PrintFunctions.cpp">
      <Filter>Debug</Filter>
    </ClCompile>
    <ClCompile Include="Framework\QF_Mirror.cpp">
      <Filter>Utils\Serialization</Filter>
    </ClCompile>
    <ClCompile Include="Framework\QF_SerializeJson.cpp">
      <Filter>Utils\Serialization</Filter>
    </ClCompile>
    <ClCompile Include="Framework\QF_DeserializeJson.cpp">
      <Filter>Utils\Serialization</Filter>
    </ClCompile>
    <ClCompile Include="Framework\QF_Directory.cpp">
      <Filter>Utils\Directory</Filter>
    </ClCompile>
    <ClCompile Include="Framework\QF_Debug.cpp">
      <Filter>Debug</Filter>
    </ClCompile>
    <ClCompile Include="Framework\QF_InputGlfw.cpp" />
    <ClCompile Include="Framework\QF_Audio.cpp" />
    <ClCompile Include="Framework\QF_Meshes.cpp" />
    <ClCompile Include="Framework\QF_PhysicsJolt.cpp" />
    <ClCompile Include="Framework\QF_ShaderErrorCheck.cpp" />
    <ClCompile Include="Framework\QF_ShaderUniforms.cpp" />
    <ClCompile Include="Framework\QF_Sound.cpp" />
    <ClCompile Include="Framework\QF_System.cpp" />
    <ClCompile Include="Framework\QF_ComponentAudio.cpp" />
    <ClCompile Include="Framework\QF_ComponentPhysics.cpp" />
  </ItemGroup>
  <ItemGroup>
    <ClInclude Include="Framework\QF_Enums.h" />
    <ClInclude Include="Framework\QF_ForcedIncludes.h" />
    <ClInclude Include="Framework\QF_Framework.h" />
    <ClInclude Include="Framework\QF_PCH.h" />
    <ClInclude Include="Framework\QF_Assets.h">
      <Filter>Assets</Filter>
    </ClInclude>
    <ClInclude Include="Framework\QF_AssetsHandle.h">
      <Filter>Assets</Filter>
    </ClInclude>
    <ClInclude Include="Framework\QF_Window.h">
      <Filter>Window</Filter>
    </ClInclude>
    <ClInclude Include="Framework\QF_Instrumentor.h">
      <Filter>Debug</Filter>
    </ClInclude>
    <ClInclude Include="Framework\QF_Log.h">
      <Filter>Debug</Filter>
    </ClInclude>
    <ClInclude Include="Framework\QF_Events.h">
      <Filter>Events</Filter>
    </ClInclude>
    <ClInclude Include="Framework\QF_Event.h">
      <Filter>Events</Filter>
    </ClInclude>
    <ClInclude Include="Framework\QF_ComponentCamera.h">
      <Filter>Entities\Components</Filter>
    </ClInclude>
    <ClInclude Include="Framework\QF_ComponentHelpers.h">
      <Filter>Entities\Components</Filter>
    </ClInclude>
    <ClInclude Include="Framework\QF_ComponentInfo.h">
      <Filter>Entities\Components</Filter>
    </ClInclude>
    <ClInclude Include="Framework\QF_ComponentLight.h">
      <Filter>Entities\Components</Filter>
    </ClInclude>
    <ClInclude Include="Framework\QF_ComponentMesh.h">
      <Filter>Entities\Components</Filter>
    </ClInclude>
    <ClInclude Include="Framework\QF_ComponentScript.h">
      <Filter>Entities\Components</Filter>
    </ClInclude>
    <ClInclude Include="Framework\QF_ComponentTransform.h">
      <Filter>Entities\Components</Filter>
    </ClInclude>
    <ClInclude Include="Framework\QF_InputMouseDragTracker.h">
      <Filter>Input</Filter>
    </ClInclude>
    <ClInclude Include="Framework\QF_Input.h">
      <Filter>Input</Filter>
    </ClInclude>
    <ClInclude Include="Framework\QF_Files.h">
      <Filter>Utils\FileIO</Filter>
    </ClInclude>
    <ClInclude Include="Framework\QF_GameActions.h">
      <Filter>Input</Filter>
    </ClInclude>
    <ClInclude Include="Framework\QF_Scriptable.h">
      <Filter>Scripting</Filter>
    </ClInclude>
    <ClInclude Include="Framework\QF_ScriptCamera.h">
      <Filter>Scripting</Filter>
    </ClInclude>
    <ClInclude Include="Framework\QF_ScriptHelpers.h">
      <Filter>Scripting</Filter>
    </ClInclude>
    <ClInclude Include="Framework\QF_Scripting.h">
      <Filter>Scripting</Filter>
    </ClInclude>
    <ClInclude Include="Framework\QF_ScriptPathFinder.h">
      <Filter>Scripting</Filter>
    </ClInclude>
    <ClInclude Include="Framework\QF_ScriptPatrol.h">
      <Filter>Scripting</Filter>
    </ClInclude>
    <ClInclude Include="Framework\QF_ScriptTesting.h">
      <Filter>Scripting</Filter>
    </ClInclude>
    <ClInclude Include="Framework\QF_Renderer.h">
      <Filter>Rendering</Filter>
    </ClInclude>
    <ClInclude Include="Framework\QF_RendererHelpers.h">
      <Filter>Rendering</Filter>
    </ClInclude>
    <ClInclude Include="Framework\QF_Paths.h">
      <Filter>Utils</Filter>
    </ClInclude>
    <ClInclude Include="Framework\QF_PathDefines.h">
      <Filter>Utils</Filter>
    </ClInclude>
    <ClInclude Include="Framework\QF_Helpers.h">
      <Filter>Utils</Filter>
    </ClInclude>
    <ClInclude Include="Framework\QF_Mesh.h">
      <Filter>Rendering\Mesh</Filter>
    </ClInclude>
    <ClInclude Include="Framework\QF_Colours.h">
      <Filter>Utils</Filter>
    </ClInclude>
    <ClInclude Include="Framework\QF_Scene.h">
      <Filter>Scenes</Filter>
    </ClInclude>
    <ClInclude Include="Framework\QF_Scenes.h">
      <Filter>Scenes</Filter>
    </ClInclude>
    <ClInclude Include="Framework\QF_Shader.h">
      <Filter>Rendering</Filter>
    </ClInclude>
    <ClInclude Include="Framework\QF_Profile.h">
      <Filter>Debug</Filter>
    </ClInclude>
    <ClInclude Include="Framework\QF_PrintFunctions.h">
      <Filter>Debug</Filter>
    </ClInclude>
    <ClInclude Include="Framework\QF_Serialize.h">
      <Filter>Utils\Serialization</Filter>
    </ClInclude>
    <ClInclude Include="Framework\QF_Debug.h">
      <Filter>Debug</Filter>
    </ClInclude>
    <ClInclude Include="Framework\QF_Directory.h">
      <Filter>Utils\Directory</Filter>
    </ClInclude>
    <ClInclude Include="Framework\QF_Buffer.h">
      <Filter>Utils</Filter>
    </ClInclude>
    <ClInclude Include="Framework\QF_Callbacks.h">
      <Filter>Utils</Filter>
    </ClInclude>
    <ClInclude Include="Framework\QF_Mirror.h">
      <Filter>Utils\Serialization</Filter>
    </ClInclude>
    <ClInclude Include="Framework\QF_ScriptSceneTransition.h">
      <Filter>Scripting</Filter>
    </ClInclude>
    <ClInclude Include="Framework\QF_Constants.h" />
    <ClInclude Include="Framework\QF_EntityHandle.h">
      <Filter>Entities</Filter>
    </ClInclude>
    <ClInclude Include="Framework\QF_QKey.h">
      <Filter>Input</Filter>
    </ClInclude>
    <ClInclude Include="Framework\QF_InputStatesBitRingBuffer.h">
      <Filter>Input</Filter>
    </ClInclude>
    <ClInclude Include="Framework\QF_Audio.h" />
    <ClInclude Include="Framework\QF_ComponentAudio.h" />
    <ClInclude Include="Framework\QF_ComponentPhysics.h" />
    <ClInclude Include="Framework\QF_ComponentSprite.h" />
    <ClInclude Include="Framework\QF_ComponentText.h" />
    <ClInclude Include="Framework\QF_FrameBuffer.h" />
    <ClInclude Include="Framework\QF_InputMapping.h" />
    <ClInclude Include="Framework\QF_Macros.h" />
    <ClInclude Include="Framework\QF_Meshes.h" />
    <ClInclude Include="Framework\QF_Physics.h" />
    <ClInclude Include="Framework\QF_ShaderComponent.h" />
    <ClInclude Include="Framework\QF_Sound.h" />
    <ClInclude Include="Framework\QF_System.h" />
    <ClInclude Include="Framework\QF_Texture.h" />
    <ClInclude Include="Framework\QF_ScriptCameraThirdPerson.h" />
  </ItemGroup>
  <ItemGroup>
    <Filter Include="Debug">
      <UniqueIdentifier>{3ef2a781-714f-483a-bd9f-d97b67b21ad8}</UniqueIdentifier>
    </Filter>
    <Filter Include="Input">
      <UniqueIdentifier>{4fb67a4b-7e8e-4247-89ed-1bd9a032475f}</UniqueIdentifier>
    </Filter>
    <Filter Include="Window">
      <UniqueIdentifier>{1bbf462d-d776-4b4e-9072-739eae043f5a}</UniqueIdentifier>
    </Filter>
    <Filter Include="Events">
      <UniqueIdentifier>{80743b01-b609-4acc-a99d-5043ababe16e}</UniqueIdentifier>
    </Filter>
    <Filter Include="Assets">
      <UniqueIdentifier>{59332054-2f7b-47ee-ac59-7ed08c2e0a30}</UniqueIdentifier>
    </Filter>
    <Filter Include="Utils">
      <UniqueIdentifier>{0052a5f9-40cd-41bf-bdc1-fd33742b091f}</UniqueIdentifier>
    </Filter>
    <Filter Include="Utils\Directory">
      <UniqueIdentifier>{77441806-04ea-418e-b81e-be2556cd0de7}</UniqueIdentifier>
    </Filter>
    <Filter Include="Utils\FileIO">
      <UniqueIdentifier>{1309e9d7-5a74-40ee-8c0b-54b057666a3f}</UniqueIdentifier>
    </Filter>
    <Filter Include="Utils\FileIO\Serialization">
      <UniqueIdentifier>{f032c393-d9d5-474c-b819-bbf4e3be9bd4}</UniqueIdentifier>
    </Filter>
    <Filter Include="Scenes">
      <UniqueIdentifier>{7599a1b0-c2ae-44ff-a81b-1ed7fdb6316a}</UniqueIdentifier>
    </Filter>
    <Filter Include="Rendering">
      <UniqueIdentifier>{e053b3d5-3dc4-4af2-9b68-6ad556038b53}</UniqueIdentifier>
    </Filter>
    <Filter Include="Rendering\Mesh">
      <UniqueIdentifier>{6f2fa8a4-0f5c-4646-8be2-9b0bd0d35e63}</UniqueIdentifier>
    </Filter>
    <Filter Include="Utils\Serialization">
      <UniqueIdentifier>{f3082feb-fc92-4671-9b57-231193d613b1}</UniqueIdentifier>
    </Filter>
    <Filter Include="Scripting">
      <UniqueIdentifier>{5b33b51b-906a-4c60-acb7-99eb685eb3db}</UniqueIdentifier>
    </Filter>
    <Filter Include="Entities">
      <UniqueIdentifier>{7e4fd862-0d49-4321-9e63-cca837ede13d}</UniqueIdentifier>
    </Filter>
    <Filter Include="Entities\Components">
      <UniqueIdentifier>{96c480e2-99c4-4a6f-b574-fa45682e4b6a}</UniqueIdentifier>
    </Filter>
  </ItemGroup>
</Project>