<?xml version="1.0" encoding="utf-8"?>
<Project ToolsVersion="4.0" xmlns="http://schemas.microsoft.com/developer/msbuild/2003">
  <ItemGroup>
    <ClCompile Include="Game\main.cpp" />
    <ClCompile Include="Game\QG_Mirror.cpp" />
  </ItemGroup>
  <ItemGroup>
    <ClInclude Include="Game\QG_ScriptGameEntity.h">
      <Filter>Scripts</Filter>
    </ClInclude>
    <ClInclude Include="Game\QG_Mirror.h" />
  </ItemGroup>
  <ItemGroup>
    <Filter Include="Scripts">
      <UniqueIdentifier>{071f665a-01cd-40a7-8010-228c5b60fef5}</UniqueIdentifier>
    </Filter>
  </ItemGroup>
</Project>