<?xml version="1.0" encoding="utf-8"?>
<Project ToolsVersion="4.0" xmlns="http://schemas.microsoft.com/developer/msbuild/2003">
  <ItemGroup>
    <Filter Include="GameObject">
      <UniqueIdentifier>{255181b0-abeb-4df9-9797-345e9dc86f12}</UniqueIdentifier>
    </Filter>
    <Filter Include="GameObject\Components">
      <UniqueIdentifier>{de8903f3-0413-418b-89dd-ebb5b329f5c7}</UniqueIdentifier>
    </Filter>
    <Filter Include="GameObject\Routines">
      <UniqueIdentifier>{f53dee3b-fdaf-4e8f-8073-ea6c4bcf213e}</UniqueIdentifier>
    </Filter>
    <Filter Include="Factory">
      <UniqueIdentifier>{322e43be-82eb-49c1-b277-fd75a4971c14}</UniqueIdentifier>
    </Filter>
    <Filter Include="Scene">
      <UniqueIdentifier>{0abc2477-afaa-4465-8fc9-edcef9cb4c9a}</UniqueIdentifier>
    </Filter>
  </ItemGroup>
  <ItemGroup>
    <ClCompile Include="$(MSBuildThisFileDirectory)GameObject\GameObject.cpp">
      <Filter>GameObject</Filter>
    </ClCompile>
    <ClCompile Include="$(MSBuildThisFileDirectory)GameObject\Components\CameraComponent.cpp">
      <Filter>GameObject\Components</Filter>
    </ClCompile>
    <ClCompile Include="$(MSBuildThisFileDirectory)GameObject\Components\Component.cpp">
      <Filter>GameObject\Components</Filter>
    </ClCompile>
    <ClCompile Include="$(MSBuildThisFileDirectory)GameObject\Components\FirstPersonCameraComponent.cpp">
      <Filter>GameObject\Components</Filter>
    </ClCompile>
    <ClCompile Include="$(MSBuildThisFileDirectory)GameObject\Components\FreeCameraComponent.cpp">
      <Filter>GameObject\Components</Filter>
    </ClCompile>
    <ClCompile Include="$(MSBuildThisFileDirectory)GameObject\Components\LightComponent.cpp">
      <Filter>GameObject\Components</Filter>
    </ClCompile>
    <ClCompile Include="$(MSBuildThisFileDirectory)GameObject\Components\RenderComponent.cpp">
      <Filter>GameObject\Components</Filter>
    </ClCompile>
    <ClCompile Include="$(MSBuildThisFileDirectory)GameObject\Components\StaticCameraComponent.cpp">
      <Filter>GameObject\Components</Filter>
    </ClCompile>
    <ClCompile Include="$(MSBuildThisFileDirectory)GameObject\Components\ThirdPersonCameraComponent.cpp">
      <Filter>GameObject\Components</Filter>
    </ClCompile>
    <ClCompile Include="$(MSBuildThisFileDirectory)GameObject\Routines\RenderRoutine.cpp">
      <Filter>GameObject\Routines</Filter>
    </ClCompile>
    <ClCompile Include="$(MSBuildThisFileDirectory)GameObject\Routines\RenderRoutineUtilities.cpp">
      <Filter>GameObject\Routines</Filter>
    </ClCompile>
    <ClCompile Include="$(MSBuildThisFileDirectory)GameObject\Routines\Routine.cpp">
      <Filter>GameObject\Routines</Filter>
    </ClCompile>
    <ClCompile Include="$(MSBuildThisFileDirectory)Factory\Build_Block_Menu.cpp">
      <Filter>Factory</Filter>
    </ClCompile>
    <ClCompile Include="$(MSBuildThisFileDirectory)Factory\Cameras.cpp">
      <Filter>Factory</Filter>
    </ClCompile>
    <ClCompile Include="$(MSBuildThisFileDirectory)Factory\Characters.cpp">
      <Filter>Factory</Filter>
    </ClCompile>
    <ClCompile Include="$(MSBuildThisFileDirectory)Factory\Factory.cpp">
      <Filter>Factory</Filter>
    </ClCompile>
    <ClCompile Include="$(MSBuildThisFileDirectory)Factory\FactoryUtilities.cpp">
      <Filter>Factory</Filter>
    </ClCompile>
    <ClCompile Include="$(MSBuildThisFileDirectory)Factory\LevelLoader.cpp">
      <Filter>Factory</Filter>
    </ClCompile>
    <ClCompile Include="$(MSBuildThisFileDirectory)Factory\Lights.cpp">
      <Filter>Factory</Filter>
    </ClCompile>
    <ClCompile Include="$(MSBuildThisFileDirectory)Factory\MasterAssetList.cpp">
      <Filter>Factory</Filter>
    </ClCompile>
    <ClCompile Include="$(MSBuildThisFileDirectory)Factory\Shapes.cpp">
      <Filter>Factory</Filter>
    </ClCompile>
    <ClCompile Include="$(MSBuildThisFileDirectory)Factory\Testing.cpp">
      <Filter>Factory</Filter>
    </ClCompile>
    <ClCompile Include="$(MSBuildThisFileDirectory)Scene\SceneManager.cpp">
      <Filter>Scene</Filter>
    </ClCompile>
    <ClCompile Include="$(MSBuildThisFileDirectory)Scene\Scene.cpp">
      <Filter>Scene</Filter>
    </ClCompile>
  </ItemGroup>
  <ItemGroup>
    <ClInclude Include="$(MSBuildThisFileDirectory)GameObject\GameObject.h">
      <Filter>GameObject</Filter>
    </ClInclude>
    <ClInclude Include="$(MSBuildThisFileDirectory)GameObject\Components\CameraComponent.h">
      <Filter>GameObject\Components</Filter>
    </ClInclude>
    <ClInclude Include="$(MSBuildThisFileDirectory)GameObject\Components\Component.h">
      <Filter>GameObject\Components</Filter>
    </ClInclude>
    <ClInclude Include="$(MSBuildThisFileDirectory)GameObject\Components\FirstPersonCameraComponent.h">
      <Filter>GameObject\Components</Filter>
    </ClInclude>
    <ClInclude Include="$(MSBuildThisFileDirectory)GameObject\Components\FreeCameraComponent.h">
      <Filter>GameObject\Components</Filter>
    </ClInclude>
    <ClInclude Include="$(MSBuildThisFileDirectory)GameObject\Components\LightComponent.h">
      <Filter>GameObject\Components</Filter>
    </ClInclude>
    <ClInclude Include="$(MSBuildThisFileDirectory)GameObject\Components\RenderComponent.h">
      <Filter>GameObject\Components</Filter>
    </ClInclude>
    <ClInclude Include="$(MSBuildThisFileDirectory)GameObject\Components\ThirdPersonCameraComponent.h">
      <Filter>GameObject\Components</Filter>
    </ClInclude>
    <ClInclude Include="$(MSBuildThisFileDirectory)GameObject\Components\StaticCameraComponent.h">
      <Filter>GameObject\Components</Filter>
    </ClInclude>
    <ClInclude Include="$(MSBuildThisFileDirectory)GameObject\Routines\RenderRoutine.h">
      <Filter>GameObject\Routines</Filter>
    </ClInclude>
    <ClInclude Include="$(MSBuildThisFileDirectory)GameObject\Routines\Routine.h">
      <Filter>GameObject\Routines</Filter>
    </ClInclude>
    <ClInclude Include="$(MSBuildThisFileDirectory)Factory\Factory.h">
      <Filter>Factory</Filter>
    </ClInclude>
    <ClInclude Include="$(MSBuildThisFileDirectory)Factory\LevelLoader.h">
      <Filter>Factory</Filter>
    </ClInclude>
    <ClInclude Include="$(MSBuildThisFileDirectory)Scene\SceneManager.h">
      <Filter>Scene</Filter>
    </ClInclude>
    <ClInclude Include="$(MSBuildThisFileDirectory)Scene\Scene.h">
      <Filter>Scene</Filter>
    </ClInclude>
    <ClInclude Include="$(MSBuildThisFileDirectory)Engine_Enums.h" />
  </ItemGroup>
</Project>