<?xml version="1.0" encoding="utf-8"?>
<Project ToolsVersion="4.0" xmlns="http://schemas.microsoft.com/developer/msbuild/2003">
  <ItemGroup>
    <Filter Include="Libraries">
      <UniqueIdentifier>{dc6cad99-07ae-4f9b-8ca0-f822043fbb7c}</UniqueIdentifier>
    </Filter>
    <Filter Include="Graphics">
      <UniqueIdentifier>{43f7f0f2-173a-4b80-ba36-fc991efad428}</UniqueIdentifier>
    </Filter>
    <Filter Include="Graphics\Mesh">
      <UniqueIdentifier>{57a99ad8-42f1-4534-98bd-f669cb9b8d12}</UniqueIdentifier>
    </Filter>
    <Filter Include="Libraries\EasyXinput">
      <UniqueIdentifier>{e1cb2dae-56d7-4938-8b92-79642065c55c}</UniqueIdentifier>
    </Filter>
    <Filter Include="Libraries\glew">
      <UniqueIdentifier>{40039d3e-ad9e-4596-8ff9-3772768ef812}</UniqueIdentifier>
    </Filter>
    <Filter Include="Libraries\glfw">
      <UniqueIdentifier>{e254b01d-9b9d-4f55-aab0-a6043faf916a}</UniqueIdentifier>
    </Filter>
    <Filter Include="Libraries\imgui">
      <UniqueIdentifier>{845bc262-4d5c-47d9-bbff-da94f67dce20}</UniqueIdentifier>
    </Filter>
    <Filter Include="Libraries\lodepng">
      <UniqueIdentifier>{155a5b3d-81b8-4016-b825-3c59e0c07646}</UniqueIdentifier>
    </Filter>
    <Filter Include="Libraries\Math">
      <UniqueIdentifier>{286fc398-0443-4889-b418-155b364e8d14}</UniqueIdentifier>
    </Filter>
    <Filter Include="Libraries\MyGLFW">
      <UniqueIdentifier>{d2dc344a-7b4f-48ae-8cad-12522c2425dc}</UniqueIdentifier>
    </Filter>
    <Filter Include="Libraries\MyImGUI">
      <UniqueIdentifier>{1ec3cd10-afce-449c-b0fc-0f4952671dd1}</UniqueIdentifier>
    </Filter>
    <Filter Include="Containers">
      <UniqueIdentifier>{b05de150-f681-4527-8f49-ba56e1cf2397}</UniqueIdentifier>
    </Filter>
    <Filter Include="Graphics\FBO">
      <UniqueIdentifier>{ca31a9a6-8c67-42df-a821-c4d817676dc6}</UniqueIdentifier>
    </Filter>
    <Filter Include="Graphics\CubeMap">
      <UniqueIdentifier>{4a0ce912-c9d5-452e-9f39-5d832fa029b6}</UniqueIdentifier>
    </Filter>
    <Filter Include="Graphics\ShaderProgram">
      <UniqueIdentifier>{389a1fff-253b-49e8-aa03-6d6f140b9f4a}</UniqueIdentifier>
    </Filter>
    <Filter Include="Graphics\Sprite">
      <UniqueIdentifier>{a0678917-4f8f-4c1a-9998-e7cae48b5dd6}</UniqueIdentifier>
    </Filter>
    <Filter Include="Utilities">
      <UniqueIdentifier>{e4275454-a0cf-41e6-aee8-a8bd926816bd}</UniqueIdentifier>
    </Filter>
    <Filter Include="Graphics\Model">
      <UniqueIdentifier>{2819f940-d499-4c76-aa1d-fe8fe6785977}</UniqueIdentifier>
    </Filter>
    <Filter Include="Input">
      <UniqueIdentifier>{1ad39b83-0065-49e6-b47d-be0c6b019545}</UniqueIdentifier>
    </Filter>
    <Filter Include="Utilities\FileIO">
      <UniqueIdentifier>{0dffd7ac-2a22-4f83-889f-b5ed3325733c}</UniqueIdentifier>
    </Filter>
    <Filter Include="Utilities\Tween">
      <UniqueIdentifier>{55c72b00-0565-4743-a691-381d011e66fe}</UniqueIdentifier>
    </Filter>
    <Filter Include="Libraries\cJSON_Interface">
      <UniqueIdentifier>{d16f8cc7-7ba5-436f-bc7e-ebc93eae567a}</UniqueIdentifier>
    </Filter>
    <Filter Include="Libraries\Block_Menu">
      <UniqueIdentifier>{56ca37ce-f6cd-4b99-bfa5-34bdb835e0c0}</UniqueIdentifier>
    </Filter>
    <Filter Include="Libraries\freetype2">
      <UniqueIdentifier>{7777f6eb-3e35-4fe4-a3dd-d07ee4deb689}</UniqueIdentifier>
    </Filter>
    <Filter Include="Graphics\FontRendering">
      <UniqueIdentifier>{a05a351f-ae6b-467d-843d-a54dc628eb0a}</UniqueIdentifier>
    </Filter>
    <Filter Include="Resources">
      <UniqueIdentifier>{066f99a8-799f-49ac-8797-3d7cf6fb37f5}</UniqueIdentifier>
    </Filter>
    <Filter Include="Libraries\RakNet">
      <UniqueIdentifier>{16ed1e26-f734-410c-a06b-5394bca6658e}</UniqueIdentifier>
    </Filter>
    <Filter Include="Libraries\glm">
      <UniqueIdentifier>{b3a34dc8-487c-4c88-9d49-72c593d681f1}</UniqueIdentifier>
    </Filter>
  </ItemGroup>
  <ItemGroup>
    <ClInclude Include="$(MSBuildThisFileDirectory)Libraries\glew\GL\eglew.h">
      <Filter>Libraries\glew</Filter>
    </ClInclude>
    <ClInclude Include="$(MSBuildThisFileDirectory)Libraries\glew\GL\glew.h">
      <Filter>Libraries\glew</Filter>
    </ClInclude>
    <ClInclude Include="$(MSBuildThisFileDirectory)Libraries\glew\GL\glxew.h">
      <Filter>Libraries\glew</Filter>
    </ClInclude>
    <ClInclude Include="$(MSBuildThisFileDirectory)Libraries\glew\GL\wglew.h">
      <Filter>Libraries\glew</Filter>
    </ClInclude>
    <ClInclude Include="$(MSBuildThisFileDirectory)Libraries\glfw\GLFW\glfw3.h">
      <Filter>Libraries\glfw</Filter>
    </ClInclude>
    <ClInclude Include="$(MSBuildThisFileDirectory)Libraries\glfw\GLFW\glfw3native.h">
      <Filter>Libraries\glfw</Filter>
    </ClInclude>
    <ClInclude Include="$(MSBuildThisFileDirectory)Libraries\imgui\imconfig.h">
      <Filter>Libraries\imgui</Filter>
    </ClInclude>
    <ClInclude Include="$(MSBuildThisFileDirectory)Libraries\imgui\imgui.h">
      <Filter>Libraries\imgui</Filter>
    </ClInclude>
    <ClInclude Include="$(MSBuildThisFileDirectory)Libraries\imgui\imgui_impl_glfw_gl3.h">
      <Filter>Libraries\imgui</Filter>
    </ClInclude>
    <ClInclude Include="$(MSBuildThisFileDirectory)Libraries\imgui\imgui_internal.h">
      <Filter>Libraries\imgui</Filter>
    </ClInclude>
    <ClInclude Include="$(MSBuildThisFileDirectory)Libraries\imgui\stb_rect_pack.h">
      <Filter>Libraries\imgui</Filter>
    </ClInclude>
    <ClInclude Include="$(MSBuildThisFileDirectory)Libraries\imgui\stb_textedit.h">
      <Filter>Libraries\imgui</Filter>
    </ClInclude>
    <ClInclude Include="$(MSBuildThisFileDirectory)Libraries\imgui\stb_truetype.h">
      <Filter>Libraries\imgui</Filter>
    </ClInclude>
    <ClInclude Include="$(MSBuildThisFileDirectory)Libraries\lodepng\lodepng.h">
      <Filter>Libraries\lodepng</Filter>
    </ClInclude>
    <ClInclude Include="$(MSBuildThisFileDirectory)Libraries\MyImGUI\MyImGUI.h">
      <Filter>Libraries\MyImGUI</Filter>
    </ClInclude>
    <ClInclude Include="$(MSBuildThisFileDirectory)Libraries\EasyXinput\EasyXinput.h">
      <Filter>Libraries\EasyXinput</Filter>
    </ClInclude>
    <ClInclude Include="$(MSBuildThisFileDirectory)Libraries_Include.h" />
    <ClInclude Include="$(MSBuildThisFileDirectory)Graphics_Header.h" />
    <ClInclude Include="$(MSBuildThisFileDirectory)Math_Includes.h" />
    <ClInclude Include="$(MSBuildThisFileDirectory)Libraries\MyGLFW\MyGLFW.h">
      <Filter>Libraries\MyGLFW</Filter>
    </ClInclude>
    <ClInclude Include="$(MSBuildThisFileDirectory)Libraries\freetype2\freetype\config\ftconfig.h">
      <Filter>Libraries\freetype2</Filter>
    </ClInclude>
    <ClInclude Include="$(MSBuildThisFileDirectory)Libraries\freetype2\freetype\config\ftheader.h">
      <Filter>Libraries\freetype2</Filter>
    </ClInclude>
    <ClInclude Include="$(MSBuildThisFileDirectory)Libraries\freetype2\freetype\config\ftmodule.h">
      <Filter>Libraries\freetype2</Filter>
    </ClInclude>
    <ClInclude Include="$(MSBuildThisFileDirectory)Libraries\freetype2\freetype\config\ftoption.h">
      <Filter>Libraries\freetype2</Filter>
    </ClInclude>
    <ClInclude Include="$(MSBuildThisFileDirectory)Libraries\freetype2\freetype\config\ftstdlib.h">
      <Filter>Libraries\freetype2</Filter>
    </ClInclude>
    <ClInclude Include="$(MSBuildThisFileDirectory)Libraries\freetype2\freetype\freetype.h">
      <Filter>Libraries\freetype2</Filter>
    </ClInclude>
    <ClInclude Include="$(MSBuildThisFileDirectory)Libraries\freetype2\freetype\ftadvanc.h">
      <Filter>Libraries\freetype2</Filter>
    </ClInclude>
    <ClInclude Include="$(MSBuildThisFileDirectory)Libraries\freetype2\freetype\ftbbox.h">
      <Filter>Libraries\freetype2</Filter>
    </ClInclude>
    <ClInclude Include="$(MSBuildThisFileDirectory)Libraries\freetype2\freetype\ftbdf.h">
      <Filter>Libraries\freetype2</Filter>
    </ClInclude>
    <ClInclude Include="$(MSBuildThisFileDirectory)Libraries\freetype2\freetype\ftbitmap.h">
      <Filter>Libraries\freetype2</Filter>
    </ClInclude>
    <ClInclude Include="$(MSBuildThisFileDirectory)Libraries\freetype2\freetype\ftbzip2.h">
      <Filter>Libraries\freetype2</Filter>
    </ClInclude>
    <ClInclude Include="$(MSBuildThisFileDirectory)Libraries\freetype2\freetype\ftcache.h">
      <Filter>Libraries\freetype2</Filter>
    </ClInclude>
    <ClInclude Include="$(MSBuildThisFileDirectory)Libraries\freetype2\freetype\ftchapters.h">
      <Filter>Libraries\freetype2</Filter>
    </ClInclude>
    <ClInclude Include="$(MSBuildThisFileDirectory)Libraries\freetype2\freetype\ftcid.h">
      <Filter>Libraries\freetype2</Filter>
    </ClInclude>
    <ClInclude Include="$(MSBuildThisFileDirectory)Libraries\freetype2\freetype\ftdriver.h">
      <Filter>Libraries\freetype2</Filter>
    </ClInclude>
    <ClInclude Include="$(MSBuildThisFileDirectory)Libraries\freetype2\freetype\fterrdef.h">
      <Filter>Libraries\freetype2</Filter>
    </ClInclude>
    <ClInclude Include="$(MSBuildThisFileDirectory)Libraries\freetype2\freetype\fterrors.h">
      <Filter>Libraries\freetype2</Filter>
    </ClInclude>
    <ClInclude Include="$(MSBuildThisFileDirectory)Libraries\freetype2\freetype\ftfntfmt.h">
      <Filter>Libraries\freetype2</Filter>
    </ClInclude>
    <ClInclude Include="$(MSBuildThisFileDirectory)Libraries\freetype2\freetype\ftgasp.h">
      <Filter>Libraries\freetype2</Filter>
    </ClInclude>
    <ClInclude Include="$(MSBuildThisFileDirectory)Libraries\freetype2\freetype\ftglyph.h">
      <Filter>Libraries\freetype2</Filter>
    </ClInclude>
    <ClInclude Include="$(MSBuildThisFileDirectory)Libraries\freetype2\freetype\ftgxval.h">
      <Filter>Libraries\freetype2</Filter>
    </ClInclude>
    <ClInclude Include="$(MSBuildThisFileDirectory)Libraries\freetype2\freetype\ftgzip.h">
      <Filter>Libraries\freetype2</Filter>
    </ClInclude>
    <ClInclude Include="$(MSBuildThisFileDirectory)Libraries\freetype2\freetype\ftimage.h">
      <Filter>Libraries\freetype2</Filter>
    </ClInclude>
    <ClInclude Include="$(MSBuildThisFileDirectory)Libraries\freetype2\freetype\ftincrem.h">
      <Filter>Libraries\freetype2</Filter>
    </ClInclude>
    <ClInclude Include="$(MSBuildThisFileDirectory)Libraries\freetype2\freetype\ftlcdfil.h">
      <Filter>Libraries\freetype2</Filter>
    </ClInclude>
    <ClInclude Include="$(MSBuildThisFileDirectory)Libraries\freetype2\freetype\ftlist.h">
      <Filter>Libraries\freetype2</Filter>
    </ClInclude>
    <ClInclude Include="$(MSBuildThisFileDirectory)Libraries\freetype2\freetype\ftlzw.h">
      <Filter>Libraries\freetype2</Filter>
    </ClInclude>
    <ClInclude Include="$(MSBuildThisFileDirectory)Libraries\freetype2\freetype\ftmac.h">
      <Filter>Libraries\freetype2</Filter>
    </ClInclude>
    <ClInclude Include="$(MSBuildThisFileDirectory)Libraries\freetype2\freetype\ftmm.h">
      <Filter>Libraries\freetype2</Filter>
    </ClInclude>
    <ClInclude Include="$(MSBuildThisFileDirectory)Libraries\freetype2\freetype\ftmodapi.h">
      <Filter>Libraries\freetype2</Filter>
    </ClInclude>
    <ClInclude Include="$(MSBuildThisFileDirectory)Libraries\freetype2\freetype\ftmoderr.h">
      <Filter>Libraries\freetype2</Filter>
    </ClInclude>
    <ClInclude Include="$(MSBuildThisFileDirectory)Libraries\freetype2\freetype\ftotval.h">
      <Filter>Libraries\freetype2</Filter>
    </ClInclude>
    <ClInclude Include="$(MSBuildThisFileDirectory)Libraries\freetype2\freetype\ftoutln.h">
      <Filter>Libraries\freetype2</Filter>
    </ClInclude>
    <ClInclude Include="$(MSBuildThisFileDirectory)Libraries\freetype2\freetype\ftparams.h">
      <Filter>Libraries\freetype2</Filter>
    </ClInclude>
    <ClInclude Include="$(MSBuildThisFileDirectory)Libraries\freetype2\freetype\ftpfr.h">
      <Filter>Libraries\freetype2</Filter>
    </ClInclude>
    <ClInclude Include="$(MSBuildThisFileDirectory)Libraries\freetype2\freetype\ftrender.h">
      <Filter>Libraries\freetype2</Filter>
    </ClInclude>
    <ClInclude Include="$(MSBuildThisFileDirectory)Libraries\freetype2\freetype\ftsizes.h">
      <Filter>Libraries\freetype2</Filter>
    </ClInclude>
    <ClInclude Include="$(MSBuildThisFileDirectory)Libraries\freetype2\freetype\ftsnames.h">
      <Filter>Libraries\freetype2</Filter>
    </ClInclude>
    <ClInclude Include="$(MSBuildThisFileDirectory)Libraries\freetype2\freetype\ftstroke.h">
      <Filter>Libraries\freetype2</Filter>
    </ClInclude>
    <ClInclude Include="$(MSBuildThisFileDirectory)Libraries\freetype2\freetype\ftsynth.h">
      <Filter>Libraries\freetype2</Filter>
    </ClInclude>
    <ClInclude Include="$(MSBuildThisFileDirectory)Libraries\freetype2\freetype\ftsystem.h">
      <Filter>Libraries\freetype2</Filter>
    </ClInclude>
    <ClInclude Include="$(MSBuildThisFileDirectory)Libraries\freetype2\freetype\fttrigon.h">
      <Filter>Libraries\freetype2</Filter>
    </ClInclude>
    <ClInclude Include="$(MSBuildThisFileDirectory)Libraries\freetype2\freetype\fttypes.h">
      <Filter>Libraries\freetype2</Filter>
    </ClInclude>
    <ClInclude Include="$(MSBuildThisFileDirectory)Libraries\freetype2\freetype\ftwinfnt.h">
      <Filter>Libraries\freetype2</Filter>
    </ClInclude>
    <ClInclude Include="$(MSBuildThisFileDirectory)Libraries\freetype2\freetype\internal\autohint.h">
      <Filter>Libraries\freetype2</Filter>
    </ClInclude>
    <ClInclude Include="$(MSBuildThisFileDirectory)Libraries\freetype2\freetype\internal\cffotypes.h">
      <Filter>Libraries\freetype2</Filter>
    </ClInclude>
    <ClInclude Include="$(MSBuildThisFileDirectory)Libraries\freetype2\freetype\internal\cfftypes.h">
      <Filter>Libraries\freetype2</Filter>
    </ClInclude>
    <ClInclude Include="$(MSBuildThisFileDirectory)Libraries\freetype2\freetype\internal\ftcalc.h">
      <Filter>Libraries\freetype2</Filter>
    </ClInclude>
    <ClInclude Include="$(MSBuildThisFileDirectory)Libraries\freetype2\freetype\internal\ftdebug.h">
      <Filter>Libraries\freetype2</Filter>
    </ClInclude>
    <ClInclude Include="$(MSBuildThisFileDirectory)Libraries\freetype2\freetype\internal\ftdrv.h">
      <Filter>Libraries\freetype2</Filter>
    </ClInclude>
    <ClInclude Include="$(MSBuildThisFileDirectory)Libraries\freetype2\freetype\internal\ftgloadr.h">
      <Filter>Libraries\freetype2</Filter>
    </ClInclude>
    <ClInclude Include="$(MSBuildThisFileDirectory)Libraries\freetype2\freetype\internal\fthash.h">
      <Filter>Libraries\freetype2</Filter>
    </ClInclude>
    <ClInclude Include="$(MSBuildThisFileDirectory)Libraries\freetype2\freetype\internal\ftmemory.h">
      <Filter>Libraries\freetype2</Filter>
    </ClInclude>
    <ClInclude Include="$(MSBuildThisFileDirectory)Libraries\freetype2\freetype\internal\ftobjs.h">
      <Filter>Libraries\freetype2</Filter>
    </ClInclude>
    <ClInclude Include="$(MSBuildThisFileDirectory)Libraries\freetype2\freetype\internal\ftpic.h">
      <Filter>Libraries\freetype2</Filter>
    </ClInclude>
    <ClInclude Include="$(MSBuildThisFileDirectory)Libraries\freetype2\freetype\internal\ftpsprop.h">
      <Filter>Libraries\freetype2</Filter>
    </ClInclude>
    <ClInclude Include="$(MSBuildThisFileDirectory)Libraries\freetype2\freetype\internal\ftrfork.h">
      <Filter>Libraries\freetype2</Filter>
    </ClInclude>
    <ClInclude Include="$(MSBuildThisFileDirectory)Libraries\freetype2\freetype\internal\ftserv.h">
      <Filter>Libraries\freetype2</Filter>
    </ClInclude>
    <ClInclude Include="$(MSBuildThisFileDirectory)Libraries\freetype2\freetype\internal\ftstream.h">
      <Filter>Libraries\freetype2</Filter>
    </ClInclude>
    <ClInclude Include="$(MSBuildThisFileDirectory)Libraries\freetype2\freetype\internal\fttrace.h">
      <Filter>Libraries\freetype2</Filter>
    </ClInclude>
    <ClInclude Include="$(MSBuildThisFileDirectory)Libraries\freetype2\freetype\internal\ftvalid.h">
      <Filter>Libraries\freetype2</Filter>
    </ClInclude>
    <ClInclude Include="$(MSBuildThisFileDirectory)Libraries\freetype2\freetype\internal\internal.h">
      <Filter>Libraries\freetype2</Filter>
    </ClInclude>
    <ClInclude Include="$(MSBuildThisFileDirectory)Libraries\freetype2\freetype\internal\psaux.h">
      <Filter>Libraries\freetype2</Filter>
    </ClInclude>
    <ClInclude Include="$(MSBuildThisFileDirectory)Libraries\freetype2\freetype\internal\pshints.h">
      <Filter>Libraries\freetype2</Filter>
    </ClInclude>
    <ClInclude Include="$(MSBuildThisFileDirectory)Libraries\freetype2\freetype\internal\services\svbdf.h">
      <Filter>Libraries\freetype2</Filter>
    </ClInclude>
    <ClInclude Include="$(MSBuildThisFileDirectory)Libraries\freetype2\freetype\internal\services\svcfftl.h">
      <Filter>Libraries\freetype2</Filter>
    </ClInclude>
    <ClInclude Include="$(MSBuildThisFileDirectory)Libraries\freetype2\freetype\internal\services\svcid.h">
      <Filter>Libraries\freetype2</Filter>
    </ClInclude>
    <ClInclude Include="$(MSBuildThisFileDirectory)Libraries\freetype2\freetype\internal\services\svfntfmt.h">
      <Filter>Libraries\freetype2</Filter>
    </ClInclude>
    <ClInclude Include="$(MSBuildThisFileDirectory)Libraries\freetype2\freetype\internal\services\svgldict.h">
      <Filter>Libraries\freetype2</Filter>
    </ClInclude>
    <ClInclude Include="$(MSBuildThisFileDirectory)Libraries\freetype2\freetype\internal\services\svgxval.h">
      <Filter>Libraries\freetype2</Filter>
    </ClInclude>
    <ClInclude Include="$(MSBuildThisFileDirectory)Libraries\freetype2\freetype\internal\services\svkern.h">
      <Filter>Libraries\freetype2</Filter>
    </ClInclude>
    <ClInclude Include="$(MSBuildThisFileDirectory)Libraries\freetype2\freetype\internal\services\svmetric.h">
      <Filter>Libraries\freetype2</Filter>
    </ClInclude>
    <ClInclude Include="$(MSBuildThisFileDirectory)Libraries\freetype2\freetype\internal\services\svmm.h">
      <Filter>Libraries\freetype2</Filter>
    </ClInclude>
    <ClInclude Include="$(MSBuildThisFileDirectory)Libraries\freetype2\freetype\internal\services\svotval.h">
      <Filter>Libraries\freetype2</Filter>
    </ClInclude>
    <ClInclude Include="$(MSBuildThisFileDirectory)Libraries\freetype2\freetype\internal\services\svpfr.h">
      <Filter>Libraries\freetype2</Filter>
    </ClInclude>
    <ClInclude Include="$(MSBuildThisFileDirectory)Libraries\freetype2\freetype\internal\services\svpostnm.h">
      <Filter>Libraries\freetype2</Filter>
    </ClInclude>
    <ClInclude Include="$(MSBuildThisFileDirectory)Libraries\freetype2\freetype\internal\services\svprop.h">
      <Filter>Libraries\freetype2</Filter>
    </ClInclude>
    <ClInclude Include="$(MSBuildThisFileDirectory)Libraries\freetype2\freetype\internal\services\svpscmap.h">
      <Filter>Libraries\freetype2</Filter>
    </ClInclude>
    <ClInclude Include="$(MSBuildThisFileDirectory)Libraries\freetype2\freetype\internal\services\svpsinfo.h">
      <Filter>Libraries\freetype2</Filter>
    </ClInclude>
    <ClInclude Include="$(MSBuildThisFileDirectory)Libraries\freetype2\freetype\internal\services\svsfnt.h">
      <Filter>Libraries\freetype2</Filter>
    </ClInclude>
    <ClInclude Include="$(MSBuildThisFileDirectory)Libraries\freetype2\freetype\internal\services\svttcmap.h">
      <Filter>Libraries\freetype2</Filter>
    </ClInclude>
    <ClInclude Include="$(MSBuildThisFileDirectory)Libraries\freetype2\freetype\internal\services\svtteng.h">
      <Filter>Libraries\freetype2</Filter>
    </ClInclude>
    <ClInclude Include="$(MSBuildThisFileDirectory)Libraries\freetype2\freetype\internal\services\svttglyf.h">
      <Filter>Libraries\freetype2</Filter>
    </ClInclude>
    <ClInclude Include="$(MSBuildThisFileDirectory)Libraries\freetype2\freetype\internal\services\svwinfnt.h">
      <Filter>Libraries\freetype2</Filter>
    </ClInclude>
    <ClInclude Include="$(MSBuildThisFileDirectory)Libraries\freetype2\freetype\internal\sfnt.h">
      <Filter>Libraries\freetype2</Filter>
    </ClInclude>
    <ClInclude Include="$(MSBuildThisFileDirectory)Libraries\freetype2\freetype\internal\t1types.h">
      <Filter>Libraries\freetype2</Filter>
    </ClInclude>
    <ClInclude Include="$(MSBuildThisFileDirectory)Libraries\freetype2\freetype\internal\tttypes.h">
      <Filter>Libraries\freetype2</Filter>
    </ClInclude>
    <ClInclude Include="$(MSBuildThisFileDirectory)Libraries\freetype2\freetype\t1tables.h">
      <Filter>Libraries\freetype2</Filter>
    </ClInclude>
    <ClInclude Include="$(MSBuildThisFileDirectory)Libraries\freetype2\freetype\ttnameid.h">
      <Filter>Libraries\freetype2</Filter>
    </ClInclude>
    <ClInclude Include="$(MSBuildThisFileDirectory)Libraries\freetype2\freetype\tttables.h">
      <Filter>Libraries\freetype2</Filter>
    </ClInclude>
    <ClInclude Include="$(MSBuildThisFileDirectory)Libraries\freetype2\freetype\tttags.h">
      <Filter>Libraries\freetype2</Filter>
    </ClInclude>
    <ClInclude Include="$(MSBuildThisFileDirectory)Libraries\freetype2\ft2build.h">
      <Filter>Libraries\freetype2</Filter>
    </ClInclude>
  </ItemGroup>
  <ItemGroup>
    <ClCompile Include="$(MSBuildThisFileDirectory)Libraries\imgui\imgui.cpp">
      <Filter>Libraries\imgui</Filter>
    </ClCompile>
    <ClCompile Include="$(MSBuildThisFileDirectory)Libraries\imgui\imgui_demo.cpp">
      <Filter>Libraries\imgui</Filter>
    </ClCompile>
    <ClCompile Include="$(MSBuildThisFileDirectory)Libraries\imgui\imgui_draw.cpp">
      <Filter>Libraries\imgui</Filter>
    </ClCompile>
    <ClCompile Include="$(MSBuildThisFileDirectory)Libraries\imgui\imgui_impl_glfw_gl3.cpp">
      <Filter>Libraries\imgui</Filter>
    </ClCompile>
    <ClCompile Include="$(MSBuildThisFileDirectory)Libraries\lodepng\lodepng.cpp">
      <Filter>Libraries\lodepng</Filter>
    </ClCompile>
    <ClCompile Include="$(MSBuildThisFileDirectory)Libraries\MyImGUI\MyImGUI.cpp">
      <Filter>Libraries\MyImGUI</Filter>
    </ClCompile>
    <ClCompile Include="$(MSBuildThisFileDirectory)Libraries\EasyXinput\EasyXinput.cpp">
      <Filter>Libraries\EasyXinput</Filter>
    </ClCompile>
    <ClCompile Include="$(MSBuildThisFileDirectory)Libraries\MyGLFW\MyGLFW.cpp">
      <Filter>Libraries\MyGLFW</Filter>
    </ClCompile>
  </ItemGroup>
  <ItemGroup>
    <None Include="$(MSBuildThisFileDirectory)Resources\Shaders\text.frag">
      <Filter>Resources</Filter>
    </None>
    <None Include="$(MSBuildThisFileDirectory)Resources\Shaders\text.vert">
      <Filter>Resources</Filter>
    </None>
  </ItemGroup>
</Project>